{
  "name": "pixel-editor",
  "version": "1.0.0",
  "lockfileVersion": 1,
  "requires": true,
  "dependencies": {
    "bit-twiddle": {
      "version": "1.0.2",
      "resolved": "https://registry.npmjs.org/bit-twiddle/-/bit-twiddle-1.0.2.tgz",
      "integrity": "sha1-DGwfq+KyPRcXPZpht7cJPrnhdp4="
    },
    "calc-fontsize": {
      "version": "1.1.0",
      "resolved": "https://registry.npmjs.org/calc-fontsize/-/calc-fontsize-1.1.0.tgz",
      "integrity": "sha512-K37zSd7XehL/g+xOn/dNdnhBG7FrMfu4/I6+9YZJdO/1JetjG+7aLUa2megHQjAB1bX6V2eSsZepwaT49qe0zA=="
    },
    "clicked": {
      "version": "1.3.0",
      "resolved": "https://registry.npmjs.org/clicked/-/clicked-1.3.0.tgz",
      "integrity": "sha512-P0q012ZGUFDE6XN4MVTgqpkiROW5DeuSo6H8wzLaNiYZYJ8SLSHSwzAe2//LkLx2BtdDBTwM0mR5aSknGoyjHw=="
    },
    "copy-text-to-clipboard": {
      "version": "1.0.3",
      "resolved": "https://registry.npmjs.org/copy-text-to-clipboard/-/copy-text-to-clipboard-1.0.3.tgz",
      "integrity": "sha1-aWYs0wVJPJJcAqOEy8rnbWQtd/M="
    },
    "earcut": {
      "version": "2.1.2",
      "resolved": "https://registry.npmjs.org/earcut/-/earcut-2.1.2.tgz",
      "integrity": "sha512-ji2b8qOVwK4WChYTbpKo983518wEqY2wrpkd85Us/LLw+3O7G0jGvGbHgQERuovrv3Cop9cEpiNkhqVQSkgTtA=="
    },
    "eventemitter3": {
      "version": "2.0.3",
      "resolved": "https://registry.npmjs.org/eventemitter3/-/eventemitter3-2.0.3.tgz",
      "integrity": "sha1-teEHm1n7XhuidxwKmTvgYKWMmbo="
    },
    "exists": {
      "version": "1.0.1",
      "resolved": "https://registry.npmjs.org/exists/-/exists-1.0.1.tgz",
      "integrity": "sha1-/8vuKRQvJAVt8Bkk5zJicz2xC0k="
    },
    "fontfaceobserver": {
      "version": "2.0.13",
      "resolved": "https://registry.npmjs.org/fontfaceobserver/-/fontfaceobserver-2.0.13.tgz",
      "integrity": "sha1-R627NDJh7amMtE2yFSGW/xJNMiE="
    },
    "graceful-fs": {
      "version": "4.1.11",
      "resolved": "https://registry.npmjs.org/graceful-fs/-/graceful-fs-4.1.11.tgz",
      "integrity": "sha1-Dovf5NHduIVNZOBOp8AOKgJuVlg=",
      "optional": true
    },
    "ismobilejs": {
      "version": "0.4.1",
      "resolved": "https://registry.npmjs.org/ismobilejs/-/ismobilejs-0.4.1.tgz",
      "integrity": "sha1-Gl8SbHD+05yT2jgPpiy65XI+fcI="
    },
    "jsonfile": {
      "version": "4.0.0",
      "resolved": "https://registry.npmjs.org/jsonfile/-/jsonfile-4.0.0.tgz",
      "integrity": "sha1-h3Gq4HmbZAdrdmQPygWPnBDjPss=",
      "requires": {
        "graceful-fs": "4.1.11"
      }
    },
    "mini-signals": {
      "version": "1.2.0",
      "resolved": "https://registry.npmjs.org/mini-signals/-/mini-signals-1.2.0.tgz",
      "integrity": "sha1-RbCAE8X65RokqhqTXNMXye1yHXQ="
    },
    "object-assign": {
      "version": "4.1.1",
      "resolved": "https://registry.npmjs.org/object-assign/-/object-assign-4.1.1.tgz",
      "integrity": "sha1-IQmtx5ZYh8/AXLvUQsrIv7s2CGM="
    },
    "parse-uri": {
      "version": "1.0.0",
      "resolved": "https://registry.npmjs.org/parse-uri/-/parse-uri-1.0.0.tgz",
      "integrity": "sha1-KHLcwi8aeXrN4Vg9igrClVLdrCA="
    },
    "penner": {
      "version": "0.1.3",
      "resolved": "https://registry.npmjs.org/penner/-/penner-0.1.3.tgz",
      "integrity": "sha1-C4tILU6bOa8vPXw3WSIpuKzClwU="
    },
    "pixi-ease": {
      "version": "0.13.3",
      "resolved": "https://registry.npmjs.org/pixi-ease/-/pixi-ease-0.13.3.tgz",
      "integrity": "sha1-K69DAFY+Y/U5m5cMjZXvQdnagCo=",
      "requires": {
        "eventemitter3": "2.0.3",
        "penner": "0.1.3",
        "yy-angle": "1.2.0",
        "yy-color": "1.0.7",
        "yy-loop": "0.3.5"
      }
    },
    "pixi-gl-core": {
      "version": "1.1.3",
      "resolved": "https://registry.npmjs.org/pixi-gl-core/-/pixi-gl-core-1.1.3.tgz",
      "integrity": "sha1-/vGmch5KND3uPwur9lGQYgBiv88="
    },
    "pixi-viewport": {
      "version": "0.20.7",
      "resolved": "https://registry.npmjs.org/pixi-viewport/-/pixi-viewport-0.20.7.tgz",
      "integrity": "sha1-b8w4+Cp0353Nb7eiSJwOF1MPJJI=",
      "requires": {
        "exists": "1.0.1",
        "pixi-ease": "0.13.3",
        "yy-input": "0.10.4",
        "yy-loop": "0.3.5"
      },
      "dependencies": {
        "yy-input": {
          "version": "0.10.4",
          "resolved": "https://registry.npmjs.org/yy-input/-/yy-input-0.10.4.tgz",
          "integrity": "sha1-RpApeu7FSAi3I8Vhf3XUmfuTkng=",
          "requires": {
            "eventemitter3": "2.0.3"
          }
        }
      }
    },
    "pixi.js": {
      "version": "4.6.1",
      "resolved": "https://registry.npmjs.org/pixi.js/-/pixi.js-4.6.1.tgz",
      "integrity": "sha1-iiMfcOUpxzu0x1+/aEtCXX8VOo4=",
      "requires": {
        "bit-twiddle": "1.0.2",
        "earcut": "2.1.2",
        "eventemitter3": "2.0.3",
        "ismobilejs": "0.4.1",
        "object-assign": "4.1.1",
        "pixi-gl-core": "1.1.3",
        "remove-array-items": "1.0.0",
        "resource-loader": "2.0.9"
      }
    },
    "point-in-triangle": {
      "version": "1.0.1",
      "resolved": "https://registry.npmjs.org/point-in-triangle/-/point-in-triangle-1.0.1.tgz",
      "integrity": "sha1-JVXmJswq/mVOSr3nW4NH3iklE9w="
    },
    "remove-array-items": {
      "version": "1.0.0",
      "resolved": "https://registry.npmjs.org/remove-array-items/-/remove-array-items-1.0.0.tgz",
      "integrity": "sha1-B79CyzMvTPboXq2DteToltIyayE="
    },
    "resource-loader": {
      "version": "2.0.9",
      "resolved": "https://registry.npmjs.org/resource-loader/-/resource-loader-2.0.9.tgz",
      "integrity": "sha1-ZdO1CpguSCYLrPg1KE4actl4gG0=",
      "requires": {
        "mini-signals": "1.2.0",
        "parse-uri": "1.0.0"
      }
    },
    "seedrandom": {
      "version": "2.4.3",
      "resolved": "https://registry.npmjs.org/seedrandom/-/seedrandom-2.4.3.tgz",
      "integrity": "sha1-JDhQTa0zkXMUv/GKxNeU8W1qrsw="
    },
    "tinycolor2": {
      "version": "1.4.1",
      "resolved": "https://registry.npmjs.org/tinycolor2/-/tinycolor2-1.4.1.tgz",
      "integrity": "sha1-9PrTM0R7wLB9TcjpIJ2POaisd+g="
    },
    "yy-angle": {
      "version": "1.2.0",
      "resolved": "https://registry.npmjs.org/yy-angle/-/yy-angle-1.2.0.tgz",
      "integrity": "sha512-Sf311F5zlItZA0dH/mD3MMG6mIIo1b+9XsFqpLhKCTqFFUL4ip+XWTaQLWLRDkh/Ag0GzAsGt6rWcq61OU9+zQ=="
    },
    "yy-color": {
      "version": "1.0.7",
      "resolved": "https://registry.npmjs.org/yy-color/-/yy-color-1.0.7.tgz",
      "integrity": "sha1-P5IxiCQ/q8zqJNNy9Li24wk8Zak=",
      "requires": {
        "yy-random": "1.6.0"
      }
    },
    "yy-counter": {
      "version": "2.1.0",
      "resolved": "https://registry.npmjs.org/yy-counter/-/yy-counter-2.1.0.tgz",
      "integrity": "sha1-bAI8Wl9IqWLPNPI0y7JvZNi9LC4="
    },
    "yy-fps": {
      "version": "0.5.2",
      "resolved": "https://registry.npmjs.org/yy-fps/-/yy-fps-0.5.2.tgz",
      "integrity": "sha1-4GFMeFCxDlqQs7vk9Zfpb4zdRPM=",
      "requires": {
        "tinycolor2": "1.4.1",
        "yy-counter": "2.1.0"
      }
    },
    "yy-input": {
      "version": "0.9.0",
      "resolved": "https://registry.npmjs.org/yy-input/-/yy-input-0.9.0.tgz",
      "integrity": "sha1-nChsGCKFL1RgePq1h6bsgAkvm3E=",
      "requires": {
        "eventemitter3": "2.0.3"
      }
    },
    "yy-loop": {
      "version": "0.3.5",
      "resolved": "https://registry.npmjs.org/yy-loop/-/yy-loop-0.3.5.tgz",
      "integrity": "sha1-9FbD3mWt5/Pb8gKvWlloWo93pHQ=",
      "requires": {
        "eventemitter3": "2.0.3"
      }
    },
    "yy-misc": {
      "version": "1.0.1",
      "resolved": "https://registry.npmjs.org/yy-misc/-/yy-misc-1.0.1.tgz",
      "integrity": "sha1-4jdoN91Abz15tkkB5iNWjT2bBh8="
    },
    "yy-pixel": {
      "version": "1.4.0",
      "resolved": "https://registry.npmjs.org/yy-pixel/-/yy-pixel-1.4.0.tgz",
      "integrity": "sha1-z9y4if058by+Ie7UdVtoqM1CzQQ=",
      "requires": {
        "exists": "1.0.1",
        "pixi-ease": "0.13.3",
        "pixi.js": "4.6.1",
        "yy-color": "1.0.7",
        "yy-random": "1.6.0"
      }
    },
    "yy-random": {
      "version": "1.6.0",
      "resolved": "https://registry.npmjs.org/yy-random/-/yy-random-1.6.0.tgz",
      "integrity": "sha512-oMIO8eo4BVed+o8NDMGj9scboHWBFtOdip1oDpXhxYw3A03lYqDqtlwPLg8SOK0q95Fsdzj9EdCQMWFWRk3p7A==",
      "requires": {
        "seedrandom": "2.4.3"
      }
    },
    "yy-renderer": {
      "version": "2.5.0",
      "resolved": "https://registry.npmjs.org/yy-renderer/-/yy-renderer-2.5.0.tgz",
      "integrity": "sha1-aaftqvbjBHLu+61idroA/ClU8Zw=",
      "requires": {
        "exists": "1.0.1",
        "pixi.js": "4.6.1",
        "yy-fps": "0.5.2",
        "yy-loop": "0.3.5"
      }
    },
    "yy-rendersheet": {
      "version": "3.3.1",
      "resolved": "https://registry.npmjs.org/yy-rendersheet/-/yy-rendersheet-3.3.1.tgz",
      "integrity": "sha1-miMYam2SaJm0Hv5nqZyhEkcTsZ4=",
      "requires": {
        "pixi.js": "4.6.1"
      }
    },
    "yy-ui": {
      "version": "0.2.0",
      "resolved": "https://registry.npmjs.org/yy-ui/-/yy-ui-0.2.0.tgz",
      "integrity": "sha1-tUP5vToOl8+3h6Ed7hFwKVepQz4=",
      "requires": {
        "copy-text-to-clipboard": "1.0.3",
        "exists": "1.0.1",
        "pixi-viewport": "0.20.7",
        "pixi.js": "4.6.1",
        "point-in-triangle": "1.0.1",
        "yy-input": "0.10.4",
        "yy-pixel": "1.4.0",
        "yy-rendersheet": "3.3.1"
      },
      "dependencies": {
        "yy-input": {
          "version": "0.10.4",
          "resolved": "https://registry.npmjs.org/yy-input/-/yy-input-0.10.4.tgz",
          "integrity": "sha1-RpApeu7FSAi3I8Vhf3XUmfuTkng=",
          "requires": {
            "eventemitter3": "2.0.3"
          }
        }
      }
    }
  }
}
