{
  "name": "pixel-editor",
  "version": "0.5.0",
  "lockfileVersion": 1,
  "requires": true,
  "dependencies": {
    "bit-twiddle": {
      "version": "1.0.2",
      "resolved": "https://registry.npmjs.org/bit-twiddle/-/bit-twiddle-1.0.2.tgz",
      "integrity": "sha1-DGwfq+KyPRcXPZpht7cJPrnhdp4="
    },
    "calc-fontsize": {
      "version": "1.1.0",
      "resolved": "https://registry.npmjs.org/calc-fontsize/-/calc-fontsize-1.1.0.tgz",
      "integrity": "sha512-K37zSd7XehL/g+xOn/dNdnhBG7FrMfu4/I6+9YZJdO/1JetjG+7aLUa2megHQjAB1bX6V2eSsZepwaT49qe0zA=="
    },
    "clicked": {
      "version": "2.0.0",
      "resolved": "https://registry.npmjs.org/clicked/-/clicked-2.0.0.tgz",
      "integrity": "sha512-njoW0aUa/09cG+Mg+7EtXwiTHV5vSAfhfiQCCo2eXvRc8l56Ov63upYSGJs+DLk2XZvWIxBr7AyNtoCRZeGCDQ=="
    },
    "dom-ease": {
      "version": "0.7.4",
      "resolved": "https://registry.npmjs.org/dom-ease/-/dom-ease-0.7.4.tgz",
      "integrity": "sha512-K8TR1+KozgQkEOgh+w8iQYS/DkHp2bIQpIe5M5h7qO1JZdDJEKUPHkC339ayA00+eLvYq0b2075Lw+8JSUQ+sw==",
      "requires": {
        "eventemitter3": "^3.0.0",
        "exists": "^1.0.1",
        "penner": "^0.1.3"
      }
    },
    "earcut": {
      "version": "2.1.3",
      "resolved": "https://registry.npmjs.org/earcut/-/earcut-2.1.3.tgz",
      "integrity": "sha512-AxdCdWUk1zzK/NuZ7e1ljj6IGC+VAdC3Qb7QQDsXpfNrc5IM8tL9nNXUmEGE6jRHTfZ10zhzRhtDmWVsR5pd3A=="
    },
    "easyedit": {
      "version": "1.5.0",
      "resolved": "https://registry.npmjs.org/easyedit/-/easyedit-1.5.0.tgz",
      "integrity": "sha1-A6aNLNRL/qBg8qPBpINA7TvHOpw=",
      "requires": {
        "clicked": "^1.1.0",
        "eventemitter3": "^3.0.0"
      },
      "dependencies": {
        "clicked": {
          "version": "1.3.0",
          "resolved": "https://registry.npmjs.org/clicked/-/clicked-1.3.0.tgz",
          "integrity": "sha512-P0q012ZGUFDE6XN4MVTgqpkiROW5DeuSo6H8wzLaNiYZYJ8SLSHSwzAe2//LkLx2BtdDBTwM0mR5aSknGoyjHw=="
        }
      }
    },
    "eventemitter3": {
      "version": "3.1.0",
      "resolved": "https://registry.npmjs.org/eventemitter3/-/eventemitter3-3.1.0.tgz",
      "integrity": "sha512-ivIvhpq/Y0uSjcHDcOIccjmYjGLcP09MFGE7ysAwkAvkXfpZlC985pH2/ui64DKazbTW/4kN3yqozUxlXzI6cA=="
    },
    "exists": {
      "version": "1.0.1",
      "resolved": "https://registry.npmjs.org/exists/-/exists-1.0.1.tgz",
      "integrity": "sha1-/8vuKRQvJAVt8Bkk5zJicz2xC0k="
    },
    "fontfaceobserver": {
      "version": "2.0.13",
      "resolved": "https://registry.npmjs.org/fontfaceobserver/-/fontfaceobserver-2.0.13.tgz",
      "integrity": "sha1-R627NDJh7amMtE2yFSGW/xJNMiE="
    },
    "fs-extra": {
      "version": "6.0.1",
      "resolved": "https://registry.npmjs.org/fs-extra/-/fs-extra-6.0.1.tgz",
      "integrity": "sha512-GnyIkKhhzXZUWFCaJzvyDLEEgDkPfb4/TPvJCJVuS8MWZgoSsErf++QpiAlDnKFcqhRlm+tIOcencCjyJE6ZCA==",
      "requires": {
        "graceful-fs": "^4.1.2",
        "jsonfile": "^4.0.0",
        "universalify": "^0.1.0"
      }
    },
    "graceful-fs": {
      "version": "4.1.11",
      "resolved": "https://registry.npmjs.org/graceful-fs/-/graceful-fs-4.1.11.tgz",
      "integrity": "sha1-Dovf5NHduIVNZOBOp8AOKgJuVlg="
    },
    "immediate": {
      "version": "3.0.6",
      "resolved": "https://registry.npmjs.org/immediate/-/immediate-3.0.6.tgz",
      "integrity": "sha1-nbHb0Pr43m++D13V5Wu2BigN5ps="
    },
    "ismobilejs": {
      "version": "0.4.1",
      "resolved": "https://registry.npmjs.org/ismobilejs/-/ismobilejs-0.4.1.tgz",
      "integrity": "sha1-Gl8SbHD+05yT2jgPpiy65XI+fcI="
    },
    "jsonfile": {
      "version": "4.0.0",
      "resolved": "https://registry.npmjs.org/jsonfile/-/jsonfile-4.0.0.tgz",
      "integrity": "sha1-h3Gq4HmbZAdrdmQPygWPnBDjPss=",
      "requires": {
        "graceful-fs": "^4.1.6"
      }
    },
    "lie": {
      "version": "3.1.1",
      "resolved": "https://registry.npmjs.org/lie/-/lie-3.1.1.tgz",
      "integrity": "sha1-mkNrLMd0bKWd56QfpGmz77dr2H4=",
      "requires": {
        "immediate": "~3.0.5"
      }
    },
    "localforage": {
      "version": "1.7.2",
      "resolved": "https://registry.npmjs.org/localforage/-/localforage-1.7.2.tgz",
      "integrity": "sha1-+kRCYC+Abt0rympUq05lbwMfEhw=",
      "requires": {
        "lie": "3.1.1"
      }
    },
    "mini-signals": {
      "version": "1.2.0",
      "resolved": "https://registry.npmjs.org/mini-signals/-/mini-signals-1.2.0.tgz",
      "integrity": "sha1-RbCAE8X65RokqhqTXNMXye1yHXQ="
    },
    "object-assign": {
      "version": "4.1.1",
      "resolved": "https://registry.npmjs.org/object-assign/-/object-assign-4.1.1.tgz",
      "integrity": "sha1-IQmtx5ZYh8/AXLvUQsrIv7s2CGM="
    },
    "parse-uri": {
      "version": "1.0.0",
      "resolved": "https://registry.npmjs.org/parse-uri/-/parse-uri-1.0.0.tgz",
      "integrity": "sha1-KHLcwi8aeXrN4Vg9igrClVLdrCA="
    },
    "path": {
      "version": "0.12.7",
      "resolved": "https://registry.npmjs.org/path/-/path-0.12.7.tgz",
      "integrity": "sha1-1NwqUGxM4hl+tIHr/NWzbAFAsQ8=",
      "requires": {
        "process": "^0.11.1",
        "util": "^0.10.3"
      }
    },
    "penner": {
      "version": "0.1.3",
      "resolved": "https://registry.npmjs.org/penner/-/penner-0.1.3.tgz",
      "integrity": "sha1-C4tILU6bOa8vPXw3WSIpuKzClwU="
    },
    "pixi-ease": {
      "version": "1.0.3",
      "resolved": "https://registry.npmjs.org/pixi-ease/-/pixi-ease-1.0.3.tgz",
      "integrity": "sha512-R6fcSIi9E2L0UZLTMMMvnVIPANwvBhNEtGG2xHUM4jX/ZrH0US6yM7+aY7xG7pHfM3dgdqWcHt6JSi+WMM3C9A==",
      "requires": {
        "eventemitter3": "^3.1.0",
        "penner": "^0.1.3",
        "yy-angle": "^1.3.1",
        "yy-color": "^1.1.1"
      }
    },
    "pixi-gl-core": {
      "version": "1.1.4",
      "resolved": "https://registry.npmjs.org/pixi-gl-core/-/pixi-gl-core-1.1.4.tgz",
      "integrity": "sha1-i0tcQzsx5Bm8N53FZc4bg1qRs3I="
    },
    "pixi-viewport": {
      "version": "2.7.0",
      "resolved": "https://registry.npmjs.org/pixi-viewport/-/pixi-viewport-2.7.0.tgz",
      "integrity": "sha512-J+niY6pnn34h2Fj+RKSEz+JDe7WNMik0rMkWC56jeV3tiNUVthB8S6Fl/seYjrQK2YL3i1PEGbjc6O2Qd+jB5A==",
      "requires": {
        "eventemitter3": "^3.1.0",
        "penner": "^0.1.3"
      }
    },
    "pixi.js": {
      "version": "4.8.1",
      "resolved": "https://registry.npmjs.org/pixi.js/-/pixi.js-4.8.1.tgz",
      "integrity": "sha512-oL0fx8satkkcLTmnweB1idVElCMO/Lg2fs21YSUnrEJy/Skt0FH56nITEv/7epJqs6hq9ZhztSMCP98KiKF9+g==",
      "requires": {
        "bit-twiddle": "^1.0.2",
        "earcut": "^2.1.3",
        "eventemitter3": "^2.0.0",
        "ismobilejs": "^0.4.0",
        "object-assign": "^4.0.1",
        "pixi-gl-core": "^1.1.4",
        "remove-array-items": "^1.0.0",
        "resource-loader": "^2.1.1"
      },
      "dependencies": {
        "eventemitter3": {
          "version": "2.0.3",
          "resolved": "https://registry.npmjs.org/eventemitter3/-/eventemitter3-2.0.3.tgz",
          "integrity": "sha1-teEHm1n7XhuidxwKmTvgYKWMmbo="
        }
      }
    },
    "point-in-triangle": {
      "version": "1.0.1",
      "resolved": "https://registry.npmjs.org/point-in-triangle/-/point-in-triangle-1.0.1.tgz",
      "integrity": "sha1-JVXmJswq/mVOSr3nW4NH3iklE9w="
    },
    "process": {
      "version": "0.11.10",
      "resolved": "https://registry.npmjs.org/process/-/process-0.11.10.tgz",
      "integrity": "sha1-czIwDoQBYb2j5podHZGn1LwW8YI="
    },
    "remove-array-items": {
      "version": "1.0.0",
      "resolved": "https://registry.npmjs.org/remove-array-items/-/remove-array-items-1.0.0.tgz",
      "integrity": "sha1-B79CyzMvTPboXq2DteToltIyayE="
    },
    "resource-loader": {
      "version": "2.1.1",
      "resolved": "https://registry.npmjs.org/resource-loader/-/resource-loader-2.1.1.tgz",
      "integrity": "sha512-jRMGYUfa4AGk9ib45Wxc93lobhQVoiCUAUkWqsbb/fhGPge97YT1S8aC0xBEQpolMsrdmB3o7SH8VmIEvIDOLA==",
      "requires": {
        "mini-signals": "^1.1.1",
        "parse-uri": "^1.0.0"
      }
    },
    "seedrandom": {
      "version": "2.4.3",
      "resolved": "https://registry.npmjs.org/seedrandom/-/seedrandom-2.4.3.tgz",
      "integrity": "sha1-JDhQTa0zkXMUv/GKxNeU8W1qrsw="
    },
    "simple-window-manager": {
      "version": "1.1.0",
      "resolved": "https://registry.npmjs.org/simple-window-manager/-/simple-window-manager-1.1.0.tgz",
      "integrity": "sha512-Gvy7dQazKRtS7kCMckrbxVPo1zrx8whLUH01bgqsl4d5w6C1BCNMZuHnH4RJUxeULJ0HJfsyXOFzj4NGe09Paw==",
      "requires": {
        "clicked": "^1.3.0",
        "dom-ease": "^0.7.1",
        "eventemitter3": "^3.0.0",
        "exists": "^1.0.1"
      },
      "dependencies": {
        "clicked": {
          "version": "1.3.0",
          "resolved": "https://registry.npmjs.org/clicked/-/clicked-1.3.0.tgz",
          "integrity": "sha512-P0q012ZGUFDE6XN4MVTgqpkiROW5DeuSo6H8wzLaNiYZYJ8SLSHSwzAe2//LkLx2BtdDBTwM0mR5aSknGoyjHw=="
        }
      }
    },
    "tinycolor2": {
      "version": "1.4.1",
      "resolved": "https://registry.npmjs.org/tinycolor2/-/tinycolor2-1.4.1.tgz",
      "integrity": "sha1-9PrTM0R7wLB9TcjpIJ2POaisd+g="
    },
    "universalify": {
      "version": "0.1.1",
      "resolved": "https://registry.npmjs.org/universalify/-/universalify-0.1.1.tgz",
      "integrity": "sha1-+nG63UQ3r0wUiEHjs7Fl+enlkLc="
    },
    "util": {
      "version": "0.10.3",
      "resolved": "https://registry.npmjs.org/util/-/util-0.10.3.tgz",
      "integrity": "sha1-evsa/lCAUkZInj23/g7TeTNqwPk=",
      "requires": {
        "inherits": "2.0.1"
      },
      "dependencies": {
        "inherits": {
          "version": "2.0.1",
          "resolved": "https://registry.npmjs.org/inherits/-/inherits-2.0.1.tgz",
          "integrity": "sha1-sX0I0ya0Qj5Wjv9xn5GwscvfafE="
        }
      }
    },
    "yy-angle": {
      "version": "1.3.1",
      "resolved": "https://registry.npmjs.org/yy-angle/-/yy-angle-1.3.1.tgz",
      "integrity": "sha512-A81E2JVWPx6UuHnmNyM0wgyiC+azFW3J1U0+kIZ+HFX7ERXmsPAGo6S8kRTa4WoQUky5wbsn+4orkAA8Am5q5w=="
    },
    "yy-color": {
      "version": "1.1.1",
      "resolved": "https://registry.npmjs.org/yy-color/-/yy-color-1.1.1.tgz",
      "integrity": "sha512-c4uclY2aI8ZL3WGCTfkwSjfb8PRTnQTGTKR3ry47P6EIEn+XlGwIqo/hT5NhCI8DlCLEInAk2SUMw8Jm/Rmq0A==",
      "requires": {
        "yy-random": "^1.0.1"
      }
    },
    "yy-counter": {
      "version": "2.1.0",
      "resolved": "https://registry.npmjs.org/yy-counter/-/yy-counter-2.1.0.tgz",
      "integrity": "sha1-bAI8Wl9IqWLPNPI0y7JvZNi9LC4="
    },
    "yy-fps": {
      "version": "1.0.0",
      "resolved": "https://registry.npmjs.org/yy-fps/-/yy-fps-1.0.0.tgz",
      "integrity": "sha512-yMm6G3Bj0lfVGwZRVYkksoZl22j237XoaZ7Q9+Wck4FikOw4LWcYwEU6CvKDs18oIAlknBa4MitBrlEuOn1WNg==",
      "requires": {
        "tinycolor2": "^1.4.1",
        "yy-counter": "^2.1.0"
      }
    },
    "yy-loop": {
      "version": "0.4.1",
      "resolved": "https://registry.npmjs.org/yy-loop/-/yy-loop-0.4.1.tgz",
      "integrity": "sha1-6maUQ8I+v6gFvlJjwtw449Zpvpk=",
      "requires": {
        "eventemitter3": "^3.0.0"
      }
    },
    "yy-menu": {
      "version": "1.6.2",
      "resolved": "https://registry.npmjs.org/yy-menu/-/yy-menu-1.6.2.tgz",
      "integrity": "sha512-m2+2SdJY1/UwzzIZGWsotKCt1WHJTkPrMDdX+FimdQs+DEYJPKQ1Xf3mlQbMpcA8sGu5D3VyAMenssQLO/xh+Q=="
    },
    "yy-pixel": {
      "version": "2.3.1",
      "resolved": "https://registry.npmjs.org/yy-pixel/-/yy-pixel-2.3.1.tgz",
      "integrity": "sha1-+8E4qYL6pyyL/a4bDGzp+/CPkMo=",
      "requires": {
        "exists": "^1.0.1",
        "yy-color": "^1.0.7",
        "yy-random": "^1.2.0"
      }
    },
    "yy-random": {
      "version": "1.7.1",
      "resolved": "https://registry.npmjs.org/yy-random/-/yy-random-1.7.1.tgz",
      "integrity": "sha512-R7Gpyv/Cn7ohpETQdTX0ZtiDKakrXCYtwBHZ4najXq88h95RW3DonQuFQ4zcMXqFSxViWOgL6AH6MQXAC5azDA==",
      "requires": {
        "seedrandom": "^2.4.3"
      }
    },
    "yy-rendersheet": {
      "version": "4.0.2",
      "resolved": "https://registry.npmjs.org/yy-rendersheet/-/yy-rendersheet-4.0.2.tgz",
      "integrity": "sha512-zpbSa+KBSUD3hIToQTh2nFZmPYUcWjqx0bzMYZRByGUUDmkUnEfu45ox7gmNQfUj5CYrUBW40M5UZ2mA05S+oA==",
      "requires": {
        "eventemitter3": "^3.0.0"
      }
    },
    "yy-tooltip": {
      "version": "1.2.1",
      "resolved": "https://registry.npmjs.org/yy-tooltip/-/yy-tooltip-1.2.1.tgz",
      "integrity": "sha512-//JkAWFNge2fA4nvrAsuPB20MGo2xrPsoFcrDf+IbjOBpT82s2Sa/ToeZxmRxb/BvwYjcttZv1RalJ9OOf70zQ==",
      "requires": {
        "dom-ease": "^0.7.4"
      }
    }
  }
}
