{
  "name": "pixel-editor",
  "version": "1.0.0",
  "lockfileVersion": 1,
  "dependencies": {
    "bit-twiddle": {
      "version": "https://registry.npmjs.org/bit-twiddle/-/bit-twiddle-1.0.2.tgz",
      "integrity": "sha1-DGwfq+KyPRcXPZpht7cJPrnhdp4=",
      "dev": true
    },
    "clicked": {
      "version": "https://registry.npmjs.org/clicked/-/clicked-1.1.0.tgz",
      "integrity": "sha1-nsWHNMgCtfMHyFUOFdtSmzbuimw="
    },
    "earcut": {
      "version": "https://registry.npmjs.org/earcut/-/earcut-2.1.1.tgz",
      "integrity": "sha1-FXY05fPrtCIk5HUBboalts5Va0U=",
      "dev": true
    },
    "error-ex": {
      "version": "https://registry.npmjs.org/error-ex/-/error-ex-1.3.1.tgz",
      "integrity": "sha1-+FWobOYa3E6GIcPNoh56dhLDqNw="
    },
    "eventemitter3": {
      "version": "https://registry.npmjs.org/eventemitter3/-/eventemitter3-2.0.3.tgz",
      "integrity": "sha1-teEHm1n7XhuidxwKmTvgYKWMmbo=",
      "dev": true
    },
    "fontfaceobserver": {
      "version": "https://registry.npmjs.org/fontfaceobserver/-/fontfaceobserver-2.0.9.tgz",
      "integrity": "sha1-+2HhBTvSjTjNR1CgWzD1Ewsy6Xo="
    },
    "graceful-fs": {
      "version": "https://registry.npmjs.org/graceful-fs/-/graceful-fs-4.1.11.tgz",
      "integrity": "sha1-Dovf5NHduIVNZOBOp8AOKgJuVlg=",
      "optional": true
    },
    "is-arrayish": {
      "version": "https://registry.npmjs.org/is-arrayish/-/is-arrayish-0.2.1.tgz",
      "integrity": "sha1-d8mYQFJ6qOyxqLppe4BkWnqSap0="
    },
    "ismobilejs": {
      "version": "https://registry.npmjs.org/ismobilejs/-/ismobilejs-0.4.1.tgz",
      "integrity": "sha1-Gl8SbHD+05yT2jgPpiy65XI+fcI=",
      "dev": true
    },
    "json-format": {
      "version": "https://registry.npmjs.org/json-format/-/json-format-1.0.1.tgz",
      "integrity": "sha1-FD9n5irxKda//tKIpGJl6iPQ3ww="
    },
    "jsonfile": {
      "version": "https://registry.npmjs.org/jsonfile/-/jsonfile-3.0.0.tgz",
      "integrity": "sha1-kufHRE5f/V+jLmqa6LhQNN+DR9A="
    },
    "mini-signals": {
      "version": "https://registry.npmjs.org/mini-signals/-/mini-signals-1.1.1.tgz",
      "integrity": "sha1-PmXW8TWBpgR8TQ8K0LEnozA5kRs=",
      "dev": true
    },
    "object-assign": {
      "version": "https://registry.npmjs.org/object-assign/-/object-assign-4.1.1.tgz",
      "integrity": "sha1-IQmtx5ZYh8/AXLvUQsrIv7s2CGM=",
      "dev": true
    },
    "os-tmpdir": {
      "version": "https://registry.npmjs.org/os-tmpdir/-/os-tmpdir-1.0.2.tgz",
      "integrity": "sha1-u+Z0BseaqFxc/sdm/lc0VV36EnQ="
    },
    "parse-json": {
      "version": "https://registry.npmjs.org/parse-json/-/parse-json-2.2.0.tgz",
      "integrity": "sha1-9ID0BDTvgHQfhGkJn43qGPVaTck="
    },
    "parse-uri": {
      "version": "https://registry.npmjs.org/parse-uri/-/parse-uri-1.0.0.tgz",
      "integrity": "sha1-KHLcwi8aeXrN4Vg9igrClVLdrCA=",
      "dev": true
    },
    "penner": {
      "version": "https://registry.npmjs.org/penner/-/penner-0.1.3.tgz",
      "integrity": "sha1-C4tILU6bOa8vPXw3WSIpuKzClwU="
    },
    "pixi-gl-core": {
      "version": "https://registry.npmjs.org/pixi-gl-core/-/pixi-gl-core-1.1.0.tgz",
      "integrity": "sha1-pSy03TJU+ceFeg6cI1awDm7Ax2E=",
      "dev": true
    },
    "pixi.js": {
      "version": "https://registry.npmjs.org/pixi.js/-/pixi.js-4.5.2.tgz",
      "integrity": "sha1-IrY7DEIYWsIE4BCGr/fr62DeDgw=",
      "dev": true
    },
    "remove-array-items": {
      "version": "https://registry.npmjs.org/remove-array-items/-/remove-array-items-1.0.0.tgz",
      "integrity": "sha1-B79CyzMvTPboXq2DteToltIyayE=",
      "dev": true
    },
    "resource-loader": {
      "version": "https://registry.npmjs.org/resource-loader/-/resource-loader-2.0.8.tgz",
      "integrity": "sha1-6Eyhiq4IQGUrWH/vJL17aAWydWo=",
      "dev": true
    },
    "temp": {
      "version": "https://registry.npmjs.org/temp/-/temp-0.8.3.tgz",
      "integrity": "sha1-4Ma8TSa5AxJEEOT+2BEDAU38H1k=",
      "dependencies": {
        "rimraf": {
          "version": "https://registry.npmjs.org/rimraf/-/rimraf-2.2.8.tgz",
          "integrity": "sha1-5Dm+Kq7jJzIZUnMPmaiSnk/FBYI="
        }
      }
    },
    "tinycolor2": {
      "version": "https://registry.npmjs.org/tinycolor2/-/tinycolor2-1.4.1.tgz",
      "integrity": "sha1-9PrTM0R7wLB9TcjpIJ2POaisd+g="
    },
    "yy-angle": {
      "version": "https://registry.npmjs.org/yy-angle/-/yy-angle-1.0.1.tgz",
      "integrity": "sha1-ZMyUpDvMooKa8ZDvq8X8R4/odX8="
    },
    "yy-animate": {
      "version": "https://registry.npmjs.org/yy-animate/-/yy-animate-1.6.6.tgz",
      "integrity": "sha1-aJgVcsK/wZHUiPDbgUsK5RFeQ4Q="
    },
    "yy-color": {
      "version": "https://registry.npmjs.org/yy-color/-/yy-color-1.0.7.tgz",
      "integrity": "sha1-P5IxiCQ/q8zqJNNy9Li24wk8Zak="
    },
    "yy-debug": {
      "version": "https://registry.npmjs.org/yy-debug/-/yy-debug-1.1.0.tgz",
      "integrity": "sha1-oqpn4VBptAhSFBlSstcSKEFkuP0="
    },
    "yy-misc": {
      "version": "https://registry.npmjs.org/yy-misc/-/yy-misc-1.0.1.tgz",
      "integrity": "sha1-4jdoN91Abz15tkkB5iNWjT2bBh8="
    },
    "yy-pixel": {
      "version": "file:..\\components\\pixel",
      "dependencies": {
        "penner": {
          "version": "0.1.3",
          "bundled": true
        },
        "yy-random": {
          "version": "1.2.0",
          "bundled": true
        }
      }
    },
    "yy-random": {
      "version": "https://registry.npmjs.org/yy-random/-/yy-random-1.2.0.tgz",
      "integrity": "sha1-KgNhFfqGztvIqfpcDwJkkMoPzLU="
    },
    "yy-renderer": {
      "version": "https://registry.npmjs.org/yy-renderer/-/yy-renderer-1.3.3.tgz",
      "integrity": "sha1-3tq4eFAeE36X3AP8dBpUN6kHPkQ="
    },
    "yy-rendersheet": {
      "version": "https://registry.npmjs.org/yy-rendersheet/-/yy-rendersheet-1.3.0.tgz",
      "integrity": "sha1-VOfMXM5dzuwVqxeNeqolmSezc6I="
    }
  }
}
