# THIS IS AN AUTOGENERATED FILE. DO NOT EDIT THIS FILE DIRECTLY.
# yarn lockfile v1


bit-twiddle@^1.0.2:
  version "1.0.2"
  resolved "https://registry.yarnpkg.com/bit-twiddle/-/bit-twiddle-1.0.2.tgz#0c6c1fabe2b23d17173d9a61b7b7093eb9e1769e"
  integrity sha1-DGwfq+KyPRcXPZpht7cJPrnhdp4=

calc-fontsize@^1.1.0:
  version "1.1.0"
  resolved "https://registry.yarnpkg.com/calc-fontsize/-/calc-fontsize-1.1.0.tgz#5daa9ffddb950bedb19e926a99815ff24d9b0097"
  integrity sha512-K37zSd7XehL/g+xOn/dNdnhBG7FrMfu4/I6+9YZJdO/1JetjG+7aLUa2megHQjAB1bX6V2eSsZepwaT49qe0zA==

clicked@^1.1.0, clicked@^1.3.0:
  version "1.3.0"
  resolved "https://registry.yarnpkg.com/clicked/-/clicked-1.3.0.tgz#315f6fd3b05d320f0d3773d6d2de48b4bf7e8a68"
  integrity sha512-P0q012ZGUFDE6XN4MVTgqpkiROW5DeuSo6H8wzLaNiYZYJ8SLSHSwzAe2//LkLx2BtdDBTwM0mR5aSknGoyjHw==

clicked@^2.0.0:
  version "2.2.1"
  resolved "https://registry.yarnpkg.com/clicked/-/clicked-2.2.1.tgz#c92e9e9edc7ee419790f7fc7e174904cb87992a9"
  integrity sha512-1XgSF5rfnt0sPBUJKmPVimfhY8pBqua7ykyAVfHyv6S7oixhTi1EImsLewgQKHwGzkwS4VL1hNpH9vpitFg9Jg==

dom-ease@^0.7.1, dom-ease@^0.7.4:
  version "0.7.5"
  resolved "https://registry.yarnpkg.com/dom-ease/-/dom-ease-0.7.5.tgz#ff573b40f1905e395b519525d2e7e14fed783119"
  integrity sha512-XG+WZzgJM/ovV87nSHnPQCPwVwKWQ9CQ+QC64KKId4HezXEzALLpGfrU/mV6By53s3QIdkITgl5VbGIumednVw==
  dependencies:
    eventemitter3 "^3.0.0"
    exists "^1.0.1"
    penner "^0.1.3"

earcut@^2.1.4:
  version "2.1.5"
  resolved "https://registry.yarnpkg.com/earcut/-/earcut-2.1.5.tgz#829280a9a3a0f5fee0529f0a47c3e4eff09b21e4"
  integrity sha512-QFWC7ywTVLtvRAJTVp8ugsuuGQ5mVqNmJ1cRYeLrSHgP3nycr2RHTJob9OtM0v8ujuoKN0NY1a93J/omeTL1PA==

easyedit@^1.5.0:
  version "1.5.0"
  resolved "https://registry.yarnpkg.com/easyedit/-/easyedit-1.5.0.tgz#03a68d2cd44bfea060f2a3c1a48340ed3bc73a9c"
  integrity sha1-A6aNLNRL/qBg8qPBpINA7TvHOpw=
  dependencies:
    clicked "^1.1.0"
    eventemitter3 "^3.0.0"

eventemitter3@^2.0.0:
  version "2.0.3"
  resolved "https://registry.yarnpkg.com/eventemitter3/-/eventemitter3-2.0.3.tgz#b5e1079b59fb5e1ba2771c0a993be060a58c99ba"
  integrity sha1-teEHm1n7XhuidxwKmTvgYKWMmbo=

eventemitter3@^3.0.0, eventemitter3@^3.1.0:
  version "3.1.0"
  resolved "https://registry.yarnpkg.com/eventemitter3/-/eventemitter3-3.1.0.tgz#090b4d6cdbd645ed10bf750d4b5407942d7ba163"
  integrity sha512-ivIvhpq/Y0uSjcHDcOIccjmYjGLcP09MFGE7ysAwkAvkXfpZlC985pH2/ui64DKazbTW/4kN3yqozUxlXzI6cA==

eventemitter3@^3.1.2:
  version "3.1.2"
  resolved "https://registry.yarnpkg.com/eventemitter3/-/eventemitter3-3.1.2.tgz#2d3d48f9c346698fce83a85d7d664e98535df6e7"
  integrity sha512-tvtQIeLVHjDkJYnzf2dgVMxfuSGJeM/7UCG17TT4EumTfNtF+0nebF/4zWOIkCreAbtNqhGEboB6BWrwqNaw4Q==

exists@^1.0.1:
  version "1.0.1"
  resolved "https://registry.yarnpkg.com/exists/-/exists-1.0.1.tgz#ffcbee29142f24056df01924e73262733db10b49"
  integrity sha1-/8vuKRQvJAVt8Bkk5zJicz2xC0k=

fontfaceobserver@^2.0.9:
  version "2.1.0"
  resolved "https://registry.yarnpkg.com/fontfaceobserver/-/fontfaceobserver-2.1.0.tgz#e2705d293e2c585a6531c2a722905657317a2991"
  integrity sha512-ReOsO2F66jUa0jmv2nlM/s1MiutJx/srhAe2+TE8dJCMi02ZZOcCTxTCQFr3Yet+uODUtnr4Mewg+tNQ+4V1Ng==

fs-extra@^7.0.1:
  version "7.0.1"
  resolved "https://registry.yarnpkg.com/fs-extra/-/fs-extra-7.0.1.tgz#4f189c44aa123b895f722804f55ea23eadc348e9"
  integrity sha512-YJDaCJZEnBmcbw13fvdAM9AwNOJwOzrE4pqMqBq5nFiEqXUqHwlK4B+3pUw6JNvfSPtX05xFHtYy/1ni01eGCw==
  dependencies:
    graceful-fs "^4.1.2"
    jsonfile "^4.0.0"
    universalify "^0.1.0"

graceful-fs@^4.1.2, graceful-fs@^4.1.6:
  version "4.1.15"
  resolved "https://registry.yarnpkg.com/graceful-fs/-/graceful-fs-4.1.15.tgz#ffb703e1066e8a0eeaa4c8b80ba9253eeefbfb00"
  integrity sha512-6uHUhOPEBgQ24HM+r6b/QwWfZq+yiFcipKFrOFiBEnWdy5sdzYoi+pJeQaPI5qOLRFqWmAXUPQNsielzdLoecA==

immediate@~3.0.5:
  version "3.0.6"
  resolved "https://registry.yarnpkg.com/immediate/-/immediate-3.0.6.tgz#9db1dbd0faf8de6fbe0f5dd5e56bb606280de69b"
  integrity sha1-nbHb0Pr43m++D13V5Wu2BigN5ps=

inherits@2.0.3:
  version "2.0.3"
  resolved "https://registry.yarnpkg.com/inherits/-/inherits-2.0.3.tgz#633c2c83e3da42a502f52466022480f4208261de"
  integrity sha1-Yzwsg+PaQqUC9SRmAiSA9CCCYd4=

ismobilejs@^0.5.1:
  version "0.5.1"
  resolved "https://registry.yarnpkg.com/ismobilejs/-/ismobilejs-0.5.1.tgz#0e3f825e29e32f84ad5ddbb60e9e04a894046488"
  integrity sha512-QX4STsOcBYqlTjVGuAdP1MiRVxtiUbRHOKH0v7Gn1EvfUVIQnrSdgCM4zB4VCZuIejnb2NUMUx0Bwd3EIG6yyA==

jsonfile@^4.0.0:
  version "4.0.0"
  resolved "https://registry.yarnpkg.com/jsonfile/-/jsonfile-4.0.0.tgz#8771aae0799b64076b76640fca058f9c10e33ecb"
  integrity sha1-h3Gq4HmbZAdrdmQPygWPnBDjPss=
  optionalDependencies:
    graceful-fs "^4.1.6"

lie@3.1.1:
  version "3.1.1"
  resolved "https://registry.yarnpkg.com/lie/-/lie-3.1.1.tgz#9a436b2cc7746ca59de7a41fa469b3efb76bd87e"
  integrity sha1-mkNrLMd0bKWd56QfpGmz77dr2H4=
  dependencies:
    immediate "~3.0.5"

localforage@^1.7.2:
  version "1.7.3"
  resolved "https://registry.yarnpkg.com/localforage/-/localforage-1.7.3.tgz#0082b3ca9734679e1bd534995bdd3b24cf10f204"
  integrity sha512-1TulyYfc4udS7ECSBT2vwJksWbkwwTX8BzeUIiq8Y07Riy7bDAAnxDaPU/tWyOVmQAcWJIEIFP9lPfBGqVoPgQ==
  dependencies:
    lie "3.1.1"

mini-signals@^1.1.1:
  version "1.2.0"
  resolved "https://registry.yarnpkg.com/mini-signals/-/mini-signals-1.2.0.tgz#45b08013c5fae51a24aa1a935cd317c9ed721d74"
  integrity sha1-RbCAE8X65RokqhqTXNMXye1yHXQ=

object-assign@^4.0.1:
  version "4.1.1"
  resolved "https://registry.yarnpkg.com/object-assign/-/object-assign-4.1.1.tgz#2109adc7965887cfc05cbbd442cac8bfbb360863"
  integrity sha1-IQmtx5ZYh8/AXLvUQsrIv7s2CGM=

parse-uri@^1.0.0:
  version "1.0.0"
  resolved "https://registry.yarnpkg.com/parse-uri/-/parse-uri-1.0.0.tgz#2872dcc22f1a797acde1583d8a0ac29552ddac20"
  integrity sha1-KHLcwi8aeXrN4Vg9igrClVLdrCA=

path@^0.12.7:
  version "0.12.7"
  resolved "https://registry.yarnpkg.com/path/-/path-0.12.7.tgz#d4dc2a506c4ce2197eb481ebfcd5b36c0140b10f"
  integrity sha1-1NwqUGxM4hl+tIHr/NWzbAFAsQ8=
  dependencies:
    process "^0.11.1"
    util "^0.10.3"

penner@^0.1.3:
  version "0.1.3"
  resolved "https://registry.yarnpkg.com/penner/-/penner-0.1.3.tgz#0b8b482d4e9b39af2f3d7c37592229b8acc29705"
  integrity sha1-C4tILU6bOa8vPXw3WSIpuKzClwU=

pixi-ease@^1.1.2:
  version "1.3.0"
  resolved "https://registry.yarnpkg.com/pixi-ease/-/pixi-ease-1.3.0.tgz#2d58087d7a9d9f5bed7004e1e713839649a74abc"
  integrity sha512-c2stiNINlF3/hYISJfg2sn/mjOlmcl096FtO3IA7u9iVCIVtRNthy/HAD8wr3EY7930bdLqexaFNR7o8n7d3cQ==
  dependencies:
    eventemitter3 "^3.1.0"
    penner "^0.1.3"
    yy-angle "^1.3.1"
    yy-color "^1.1.1"

pixi-gl-core@^1.1.4:
  version "1.1.4"
  resolved "https://registry.yarnpkg.com/pixi-gl-core/-/pixi-gl-core-1.1.4.tgz#8b4b5c433b31e419bc379dc565ce1b835a91b372"
  integrity sha1-i0tcQzsx5Bm8N53FZc4bg1qRs3I=

pixi-viewport@^3.23.2:
  version "3.23.2"
  resolved "https://registry.yarnpkg.com/pixi-viewport/-/pixi-viewport-3.23.2.tgz#edb0d819b9a8213de305e971595d010be960d2cd"
  integrity sha512-mB78nejtHnlHypKpAazM2Zd0cdLi1vDStKoQLxYb0WT6aE2B5XUivWYogltr0coW+8u8GQS9VWxyyYqCFWHiYQ==
  dependencies:
    eventemitter3 "^3.1.0"
    penner "^0.1.3"

pixi.js@4.8.7:
  version "4.8.7"
  resolved "https://registry.yarnpkg.com/pixi.js/-/pixi.js-4.8.7.tgz#a45c59cdb4dda71f471ecc588301f5ba0f4b77ab"
  integrity sha512-mx7YbHPkkWoj8FT3qBMkieAjBuuJ4yZWU7rq9NnCSUGpNrVlocrW179xrJQPVR2Q7JZ73ZGTwH7NOUZ9wgh7wA==
  dependencies:
    bit-twiddle "^1.0.2"
    earcut "^2.1.4"
    eventemitter3 "^2.0.0"
    ismobilejs "^0.5.1"
    object-assign "^4.0.1"
    pixi-gl-core "^1.1.4"
    remove-array-items "^1.0.0"
    resource-loader "^2.2.3"

point-in-triangle@^1.0.1:
  version "1.0.1"
  resolved "https://registry.yarnpkg.com/point-in-triangle/-/point-in-triangle-1.0.1.tgz#2555e626cc2afe654e4abde75b8347de292513dc"
  integrity sha1-JVXmJswq/mVOSr3nW4NH3iklE9w=

process@^0.11.1:
  version "0.11.10"
  resolved "https://registry.yarnpkg.com/process/-/process-0.11.10.tgz#7332300e840161bda3e69a1d1d91a7d4bc16f182"
  integrity sha1-czIwDoQBYb2j5podHZGn1LwW8YI=

remove-array-items@^1.0.0:
  version "1.1.1"
  resolved "https://registry.yarnpkg.com/remove-array-items/-/remove-array-items-1.1.1.tgz#fd745ff73d0822e561ea910bf1b401fc7843e693"
  integrity sha512-MXW/jtHyl5F1PZI7NbpS8SOtympdLuF20aoWJT5lELR1p/HJDd5nqW8Eu9uLh/hCRY3FgvrIT5AwDCgBODklcA==

resource-loader@^2.2.3:
  version "2.2.4"
  resolved "https://registry.yarnpkg.com/resource-loader/-/resource-loader-2.2.4.tgz#9bf43dba59475d56be29c796399211ce0e96fd2d"
  integrity sha512-MrY0bEJN26us3h4bzJUSP0n4tFEb79lCpYBavtLjSezWCcXZMgxhSgvC9LxueuqpcxG+qPjhwFu5SQAcUNacdA==
  dependencies:
    mini-signals "^1.1.1"
    parse-uri "^1.0.0"

seedrandom@^3.0.1:
  version "3.0.1"
  resolved "https://registry.yarnpkg.com/seedrandom/-/seedrandom-3.0.1.tgz#eb3dde015bcf55df05a233514e5df44ef9dce083"
  integrity sha512-1/02Y/rUeU1CJBAGLebiC5Lbo5FnB22gQbIFFYTLkwvp1xdABZJH1sn4ZT1MzXmPpzv+Rf/Lu2NcsLJiK4rcDg==

simple-window-manager@^1.1.0:
  version "1.3.0"
  resolved "https://registry.yarnpkg.com/simple-window-manager/-/simple-window-manager-1.3.0.tgz#bcb0991d35dd50f39f33122111125c1b670c6135"
  integrity sha512-QrT8p/+pQBDc7tSgTS8dVhbq4+5CTZ/NKZD5huy9KzfvocIPoaWBYxrE4XFRRGw2kjP18lmNfKhyxhAYLIwwcA==
  dependencies:
    clicked "^1.3.0"
    dom-ease "^0.7.1"
    eventemitter3 "^3.0.0"
    exists "^1.0.1"

tinycolor2@^1.4.1:
  version "1.4.1"
  resolved "https://registry.yarnpkg.com/tinycolor2/-/tinycolor2-1.4.1.tgz#f4fad333447bc0b07d4dc8e9209d8f39a8ac77e8"
  integrity sha1-9PrTM0R7wLB9TcjpIJ2POaisd+g=

universalify@^0.1.0:
  version "0.1.2"
  resolved "https://registry.yarnpkg.com/universalify/-/universalify-0.1.2.tgz#b646f69be3942dabcecc9d6639c80dc105efaa66"
  integrity sha512-rBJeI5CXAlmy1pV+617WB9J63U6XcazHHF2f2dbJix4XzpUF0RS3Zbj0FGIOCAva5P/d/GBOYaACQ1w+0azUkg==

util@^0.10.3:
  version "0.10.4"
  resolved "https://registry.yarnpkg.com/util/-/util-0.10.4.tgz#3aa0125bfe668a4672de58857d3ace27ecb76901"
  integrity sha512-0Pm9hTQ3se5ll1XihRic3FDIku70C+iHUdT/W926rSgHV5QgXsYbKZN8MSC3tJtSkhuROzvsQjAaFENRXr+19A==
  dependencies:
    inherits "2.0.3"

yy-angle@^1.3.1:
  version "1.3.1"
  resolved "https://registry.yarnpkg.com/yy-angle/-/yy-angle-1.3.1.tgz#996ed0ab1cd521b0ee09eb71e41db503b7a172e4"
  integrity sha512-A81E2JVWPx6UuHnmNyM0wgyiC+azFW3J1U0+kIZ+HFX7ERXmsPAGo6S8kRTa4WoQUky5wbsn+4orkAA8Am5q5w==

yy-color@^1.0.7, yy-color@^1.1.1:
  version "1.1.2"
  resolved "https://registry.yarnpkg.com/yy-color/-/yy-color-1.1.2.tgz#5c98fba33ea53e054f785443d26c6279300e5c00"
  integrity sha512-xAnFzZ3IPOsoQwKfhEhsq7tfhpNXrXrjeUtoStdwBKgfKdhoJatqLNBvybPYt270pX3LqSdAr1x/M07hxjIHEw==
  dependencies:
    yy-random "^1.0.1"

yy-counter@^2.1.0:
  version "2.1.0"
  resolved "https://registry.yarnpkg.com/yy-counter/-/yy-counter-2.1.0.tgz#6c023c5a5f48a962cf34f234cbb26f64d8bd2c2e"
  integrity sha1-bAI8Wl9IqWLPNPI0y7JvZNi9LC4=

yy-fps@^1.0.0:
  version "1.0.0"
  resolved "https://registry.yarnpkg.com/yy-fps/-/yy-fps-1.0.0.tgz#d196282a3fb16c0a68185b57b0f5e99f1c601a78"
  integrity sha512-yMm6G3Bj0lfVGwZRVYkksoZl22j237XoaZ7Q9+Wck4FikOw4LWcYwEU6CvKDs18oIAlknBa4MitBrlEuOn1WNg==
  dependencies:
    tinycolor2 "^1.4.1"
    yy-counter "^2.1.0"

yy-loop@^0.4.1:
  version "0.4.1"
  resolved "https://registry.yarnpkg.com/yy-loop/-/yy-loop-0.4.1.tgz#ea669443c23ebfa805be5263c2dc38e3d669be99"
  integrity sha1-6maUQ8I+v6gFvlJjwtw449Zpvpk=
  dependencies:
    eventemitter3 "^3.0.0"

yy-menu@^1.6.2:
  version "1.6.2"
  resolved "https://registry.yarnpkg.com/yy-menu/-/yy-menu-1.6.2.tgz#fb4c10e97020b7b7fc0781f64ca11481e9dbf7cb"
  integrity sha512-m2+2SdJY1/UwzzIZGWsotKCt1WHJTkPrMDdX+FimdQs+DEYJPKQ1Xf3mlQbMpcA8sGu5D3VyAMenssQLO/xh+Q==

yy-pixel@^2.3.1:
  version "2.3.1"
  resolved "https://registry.yarnpkg.com/yy-pixel/-/yy-pixel-2.3.1.tgz#fbc138a982faa72c8bfdae1b0c6ce9fbf08f90ca"
  integrity sha1-+8E4qYL6pyyL/a4bDGzp+/CPkMo=
  dependencies:
    exists "^1.0.1"
    yy-color "^1.0.7"
    yy-random "^1.2.0"

yy-random@^1.0.1, yy-random@^1.2.0, yy-random@^1.7.2:
  version "1.8.0"
  resolved "https://registry.yarnpkg.com/yy-random/-/yy-random-1.8.0.tgz#46539c1061050bcd63ce70b7fa902ccc9fb36a2e"
  integrity sha512-Dk5u4kkp6Hu2yUPXpRT8MWr1gpcSI88jDIMZtxVjj6iPiXbfoUcug2fR8s9WS2E4x8EdUxcOdoFadmViLYAQvA==
  dependencies:
    seedrandom "^3.0.1"

yy-rendersheet@^4.2.3:
  version "4.2.3"
  resolved "https://registry.yarnpkg.com/yy-rendersheet/-/yy-rendersheet-4.2.3.tgz#036879d945f79c0288dbff5edaf47661086fa853"
  integrity sha512-hpjhpP5XI8Pv7c84CW5F6xBv1xuBHSMLUUd5eCxuG3uiU2zGYSKMsOdnKvZTihFp1vdVVfJFYiliJaGhHVO0jA==
  dependencies:
    eventemitter3 "^3.0.0"

yy-tooltip@^1.2.1:
  version "1.2.1"
  resolved "https://registry.yarnpkg.com/yy-tooltip/-/yy-tooltip-1.2.1.tgz#1b609ea96527464731160c3c010cc1a8878ad479"
  integrity sha512-//JkAWFNge2fA4nvrAsuPB20MGo2xrPsoFcrDf+IbjOBpT82s2Sa/ToeZxmRxb/BvwYjcttZv1RalJ9OOf70zQ==
  dependencies:
    dom-ease "^0.7.4"
