# THIS IS AN AUTOGENERATED FILE. DO NOT EDIT THIS FILE DIRECTLY.
# yarn lockfile v1


"@pixi/accessibility@^5.0.0":
  version "5.0.0"
  resolved "https://registry.yarnpkg.com/@pixi/accessibility/-/accessibility-5.0.0.tgz#63fdecc6fe5b6ce5bb761a6fa87a1f6f470ba06e"
  integrity sha512-7b8ZBI4Qz18I7Xsh8DYEvQ9A4tnAettplJ59aNAPPsa66r4cfnXhjirzFbd6VnjeXDj05ksi7MNdtrcDSVRppw==
  dependencies:
    "@pixi/core" "^5.0.0"
    "@pixi/display" "^5.0.0"
    "@pixi/utils" "^5.0.0"

"@pixi/app@^5.0.0":
  version "5.0.0"
  resolved "https://registry.yarnpkg.com/@pixi/app/-/app-5.0.0.tgz#912135aa8be6376c400d37f1bfa1ebc7e911f851"
  integrity sha512-hoqnWK9qSNa+PjTWg2iUgpbtbvpnHNiaSED4bCz8b1TaI8oDrGjSaD4+la9AJjdUIWxD2E2P4+FCrDr31N+6sw==
  dependencies:
    "@pixi/core" "^5.0.0"
    "@pixi/display" "^5.0.0"

"@pixi/constants@^5.0.0-rc.3":
  version "5.0.0-rc.3"
  resolved "https://registry.yarnpkg.com/@pixi/constants/-/constants-5.0.0-rc.3.tgz#0f7236bd5392b68aca7c981608310ca25e481861"
  integrity sha512-PrMmpD6EcQpwx4UkPnYcPuk63oqW3LG2Y+gFMEWVO0nBrkVw0JY/5uwJ9wRz0AiQotFdpd/AmMC3mZl8y1l7jw==

"@pixi/core@^5.0.0":
  version "5.0.0"
  resolved "https://registry.yarnpkg.com/@pixi/core/-/core-5.0.0.tgz#7e060be75427f9792101eff00cc460e6858a5e16"
  integrity sha512-TLWOt5Skmddj8BcAuUBOvy5Io6Y7VcZvqbsKFvCgwVO857g1ZvkNbhuVBErfRuKxzkKqng4DO9uOdvPAuUwfqQ==
  dependencies:
    "@pixi/constants" "^5.0.0-rc.3"
    "@pixi/display" "^5.0.0"
    "@pixi/math" "^5.0.0-rc.3"
    "@pixi/runner" "^5.0.0"
    "@pixi/settings" "^5.0.0"
    "@pixi/ticker" "^5.0.0"
    "@pixi/utils" "^5.0.0"

"@pixi/display@^5.0.0":
  version "5.0.0"
  resolved "https://registry.yarnpkg.com/@pixi/display/-/display-5.0.0.tgz#1b1106928dd3d0d659ea8131ae51a5e187e1e0d8"
  integrity sha512-F3tJfrrBFhi0OrIXTWVK5I+GwFzG3bmBfnXNHc3iClU0IsQtw/bmz2LSTIjBb4HaXaNuNv5fvltfS5UywzneOQ==
  dependencies:
    "@pixi/math" "^5.0.0-rc.3"
    "@pixi/settings" "^5.0.0"
    "@pixi/utils" "^5.0.0"

"@pixi/extract@^5.0.0":
  version "5.0.0"
  resolved "https://registry.yarnpkg.com/@pixi/extract/-/extract-5.0.0.tgz#8e53941fe09a90729d1232bfda5ef8ab0c052292"
  integrity sha512-ghzEWcunJV46exnlOIkzmrSbIgLYfD8Nb5P4H5JijTnaPUte1/1BT3nedHT8Law6mBtL2Cype0ZS72CbhaJVnw==
  dependencies:
    "@pixi/core" "^5.0.0"
    "@pixi/math" "^5.0.0-rc.3"
    "@pixi/utils" "^5.0.0"

"@pixi/filter-alpha@^5.0.0":
  version "5.0.0"
  resolved "https://registry.yarnpkg.com/@pixi/filter-alpha/-/filter-alpha-5.0.0.tgz#87b81dece84c27bd0eafedffaf89186add54eee4"
  integrity sha512-6bGuedGAI4kcULa3NXTQSN7owlWQkDiw85xTVcgFYmOW4cH3Z1yOs6Sc4X2jzbVqDpn9v4riMur7sH4ZV6nzXA==
  dependencies:
    "@pixi/core" "^5.0.0"

"@pixi/filter-blur@^5.0.0":
  version "5.0.0"
  resolved "https://registry.yarnpkg.com/@pixi/filter-blur/-/filter-blur-5.0.0.tgz#2ba7ad5eb6e24c5fdfdc774610656381e28abf2c"
  integrity sha512-9OqS6LHPuzVMhuGEDjKc2PU2nDXL2g3unNLFn5ywQ69ISkN/xok6pgK3WZUuj0QhOls/HNbFLiI618lb7NNS1w==
  dependencies:
    "@pixi/core" "^5.0.0"
    "@pixi/settings" "^5.0.0"

"@pixi/filter-color-matrix@^5.0.0":
  version "5.0.0"
  resolved "https://registry.yarnpkg.com/@pixi/filter-color-matrix/-/filter-color-matrix-5.0.0.tgz#9e578e4744ab505a608bc510474ca0b8190ebf24"
  integrity sha512-UJneWxYE1ucr7FsoeBcZlkVMHbulf+vrhqdBCUWBtd2WWiYg2c7n2ZuP+WBIb8Z06bHHZXgQyTGoIaQkDBHStQ==
  dependencies:
    "@pixi/core" "^5.0.0"

"@pixi/filter-displacement@^5.0.0":
  version "5.0.0"
  resolved "https://registry.yarnpkg.com/@pixi/filter-displacement/-/filter-displacement-5.0.0.tgz#9befd76b3d224d14d038abf77c5534e0cf19d9a1"
  integrity sha512-MESiK0lOaqYES8dWcaCqOw2nGb6aFozRKl41OOIib+MCEg4BB91feZq8GadRpDPxgeigM5OLl1/V64jxw5lXlw==
  dependencies:
    "@pixi/core" "^5.0.0"
    "@pixi/math" "^5.0.0-rc.3"

"@pixi/filter-fxaa@^5.0.0":
  version "5.0.0"
  resolved "https://registry.yarnpkg.com/@pixi/filter-fxaa/-/filter-fxaa-5.0.0.tgz#04bae09820e6cc011b783f02d8bff1109b0e7b43"
  integrity sha512-hx1pqjjFf8iwTDwlJGPhewDToIqlQxj07G2DIp7PSAbAAJb7kbcCknvUOlAZtebGT5p/Jc2YgWEx99Nhd1YgWg==
  dependencies:
    "@pixi/core" "^5.0.0"

"@pixi/filter-noise@^5.0.0":
  version "5.0.0"
  resolved "https://registry.yarnpkg.com/@pixi/filter-noise/-/filter-noise-5.0.0.tgz#bcf2e195ca6561f64e4448514ae855b7cca5b17b"
  integrity sha512-ewk80yH0Dqz7Lj6SuSGDIX47P5KzBHgpmDUMiTTjcaLyf7Aq684VEpx6tyOONezAjGpaaWnFk0p1bpUArb8YRA==
  dependencies:
    "@pixi/core" "^5.0.0"

"@pixi/graphics@^5.0.0":
  version "5.0.0"
  resolved "https://registry.yarnpkg.com/@pixi/graphics/-/graphics-5.0.0.tgz#feb4a7ae818e10911ccc498fffe2edd5c9a874b0"
  integrity sha512-RiWOMl8eOpQ8kZbn8+t5ybuO5GtBakJ/ADBgfSDTIQvo6qqaV5Yre0yOei72Fpvn2eQKq5zz+4ZpR3hnUxc0+w==
  dependencies:
    "@pixi/constants" "^5.0.0-rc.3"
    "@pixi/core" "^5.0.0"
    "@pixi/display" "^5.0.0"
    "@pixi/math" "^5.0.0-rc.3"
    "@pixi/sprite" "^5.0.0"
    "@pixi/utils" "^5.0.0"

"@pixi/interaction@^5.0.0":
  version "5.0.0"
  resolved "https://registry.yarnpkg.com/@pixi/interaction/-/interaction-5.0.0.tgz#465ccd50113581d1a2750506ef6b288f0ece2900"
  integrity sha512-1wzpJnXRSIAlm2VLmk5tmntrihurCNUFtZmM52zw8TT1XZVP6IW1jbwIpphw1UXZOOS4JIpIV/oOnyRW0Ry/Ow==
  dependencies:
    "@pixi/core" "^5.0.0"
    "@pixi/display" "^5.0.0"
    "@pixi/math" "^5.0.0-rc.3"
    "@pixi/ticker" "^5.0.0"
    "@pixi/utils" "^5.0.0"

"@pixi/loaders@^5.0.0":
  version "5.0.0"
  resolved "https://registry.yarnpkg.com/@pixi/loaders/-/loaders-5.0.0.tgz#be319221b608084aebc3a887d10da87703176cdf"
  integrity sha512-KL/T/N2ZuC2L2cXuX/6bjxtcax7AbKw6OyK/zoG0vqq3MHOLNDDTkCrx56fTF2PNO8IFP3TD3M9flO82CrmuWQ==
  dependencies:
    "@pixi/core" "^5.0.0"
    "@pixi/utils" "^5.0.0"
    resource-loader "^2.2.4"

"@pixi/math@^5.0.0-rc.3":
  version "5.0.0-rc.3"
  resolved "https://registry.yarnpkg.com/@pixi/math/-/math-5.0.0-rc.3.tgz#847e8cf834dc4238ec3cf0ec185ea37be85ba6aa"
  integrity sha512-of/s2hHwTAN4wOxnLYQDIJftWFJgZ+S24U5N/fP6RHs6OQyegOX3q7f9uvwa+c6ssFNzGpPIF0Df7U2yKZdPFQ==

"@pixi/mesh-extras@^5.0.0":
  version "5.0.0"
  resolved "https://registry.yarnpkg.com/@pixi/mesh-extras/-/mesh-extras-5.0.0.tgz#b7cb988f83ac2313de32db41a611281904d7d5a3"
  integrity sha512-HWQLXj65gQ2IxOBQBFBlBgH/+Ldy7IM+afDbeDfV3cL+JXvRgtB+IUdgf6D57lVMOZm6Bv8v8oFKPVzPuwiu4Q==
  dependencies:
    "@pixi/constants" "^5.0.0-rc.3"
    "@pixi/core" "^5.0.0"
    "@pixi/math" "^5.0.0-rc.3"
    "@pixi/mesh" "^5.0.0"
    "@pixi/utils" "^5.0.0"

"@pixi/mesh@^5.0.0":
  version "5.0.0"
  resolved "https://registry.yarnpkg.com/@pixi/mesh/-/mesh-5.0.0.tgz#bdfb93b5bdbec84e57bad720871778c7eef77d37"
  integrity sha512-jJwXzXBFfO8jTDbdMcE/laYJ/JxluCGqZpkiuiSKvcTwGdtfamHOar6JuaXVtOwdyLgiHEzPmXWp3+Q1pJ2HYw==
  dependencies:
    "@pixi/constants" "^5.0.0-rc.3"
    "@pixi/core" "^5.0.0"
    "@pixi/display" "^5.0.0"
    "@pixi/math" "^5.0.0-rc.3"
    "@pixi/settings" "^5.0.0"
    "@pixi/utils" "^5.0.0"

"@pixi/mixin-cache-as-bitmap@^5.0.0":
  version "5.0.0"
  resolved "https://registry.yarnpkg.com/@pixi/mixin-cache-as-bitmap/-/mixin-cache-as-bitmap-5.0.0.tgz#a4a21cff217648a4579927a7cfc73e199579a76e"
  integrity sha512-PYAzDqsQvDoyDsLbfiYVbI3TUNaUkcsPK7IQltsufdp+lNHIS5uItRsiAHyCqqs6YQilWMocwEHUyYLDbxQZDQ==
  dependencies:
    "@pixi/core" "^5.0.0"
    "@pixi/display" "^5.0.0"
    "@pixi/math" "^5.0.0-rc.3"
    "@pixi/settings" "^5.0.0"
    "@pixi/sprite" "^5.0.0"
    "@pixi/utils" "^5.0.0"

"@pixi/mixin-get-child-by-name@^5.0.0":
  version "5.0.0"
  resolved "https://registry.yarnpkg.com/@pixi/mixin-get-child-by-name/-/mixin-get-child-by-name-5.0.0.tgz#02490065e8e1aace1b0091c874c2d1ac2e2b6192"
  integrity sha512-J/Pr5yCDgvBICXGIlYZieXX/L3NhGena8ndfoWvQJXKpe5JwQ52Qtps6DptRwd/bHn00MJC1PG3MLs7To6rIkA==
  dependencies:
    "@pixi/display" "^5.0.0"

"@pixi/mixin-get-global-position@^5.0.0":
  version "5.0.0"
  resolved "https://registry.yarnpkg.com/@pixi/mixin-get-global-position/-/mixin-get-global-position-5.0.0.tgz#3d51cb8894687b86ed589deb851b7e72d38fdcfb"
  integrity sha512-nSQNidvsVTQxWd8uVkReta68Y9q+CC0e+TU7YZtg2GNqV8lTy9e8vP0/Cfv0gwsqx5E/qTBkR3tsnPUXPkLquQ==
  dependencies:
    "@pixi/display" "^5.0.0"
    "@pixi/math" "^5.0.0-rc.3"

"@pixi/particles@^5.0.0":
  version "5.0.0"
  resolved "https://registry.yarnpkg.com/@pixi/particles/-/particles-5.0.0.tgz#a8297bc340ddcce2213c3b05c541061f223dee96"
  integrity sha512-A4dpzBoCZJuvDkYfi0WEBOQS1mu69zRlu0CDQWF8QmnfMZLk5gHsb7N+9KWmidxBJsCogW+6I5sWmnDu1g4mCw==
  dependencies:
    "@pixi/constants" "^5.0.0-rc.3"
    "@pixi/core" "^5.0.0"
    "@pixi/display" "^5.0.0"
    "@pixi/math" "^5.0.0-rc.3"
    "@pixi/utils" "^5.0.0"

"@pixi/polyfill@^5.0.0":
  version "5.0.0"
  resolved "https://registry.yarnpkg.com/@pixi/polyfill/-/polyfill-5.0.0.tgz#2c39c7b2aec65f6f5611c1d8b0b32e67492e67f5"
  integrity sha512-3S+rZ0JtAvkGMluXTnE0UrN47IkPqQ9wluLfQBbtz7U0ZNJK7x/k/JmMEkbSoz7n39wfEfcEggqII+Nmi4gf6A==
  dependencies:
    es6-promise-polyfill "^1.2.0"
    object-assign "^4.1.1"

"@pixi/prepare@^5.0.0":
  version "5.0.0"
  resolved "https://registry.yarnpkg.com/@pixi/prepare/-/prepare-5.0.0.tgz#01256084c88ace187df6efe235c09fc63c900fde"
  integrity sha512-gLtMu6SRnLzelGt8+U1P1NYjZpOunGOnPpQ5fPp6N+RHO4Vab4fNm2xkbYO0FOpWH/jDxj1qL0r8fIUMGJH07A==
  dependencies:
    "@pixi/core" "^5.0.0"
    "@pixi/display" "^5.0.0"
    "@pixi/graphics" "^5.0.0"
    "@pixi/settings" "^5.0.0"
    "@pixi/text" "^5.0.0"
    "@pixi/ticker" "^5.0.0"

"@pixi/runner@^5.0.0":
  version "5.0.0"
  resolved "https://registry.yarnpkg.com/@pixi/runner/-/runner-5.0.0.tgz#1457e9f520310ac644c02b1c57c1fe3e0a1feb4f"
  integrity sha512-VytqTmLpNLgyp4m463R4asahtAyrvasuCvFiigX4/rOZsndrujYVCdH9xCO6Yy6RE7PR1Jflmlx/xV2GE9QKaw==

"@pixi/settings@^5.0.0":
  version "5.0.0"
  resolved "https://registry.yarnpkg.com/@pixi/settings/-/settings-5.0.0.tgz#a31e272df768e8701955c5f2bf7fa53b4ee1cd28"
  integrity sha512-i53i4eTLawQ3RZsGRbccggZbbdnrhdiqa3obwsWJD/kqjJ3WF5IBxgeLOL70fQhjchQzZj8cTohpd6OIGbTRzQ==
  dependencies:
    ismobilejs "^0.5.1"

"@pixi/sprite-animated@^5.0.0":
  version "5.0.0"
  resolved "https://registry.yarnpkg.com/@pixi/sprite-animated/-/sprite-animated-5.0.0.tgz#4b367b694cbb29e30a977658b7827792d2de84e8"
  integrity sha512-FFQwOGd2kWvdw8tifjDZ8N3S+gVmKTEccnt+k2AWPlYLrP7oQao69lY1P/KtpNFHKJG4YzRCGaeas8scECPVqw==
  dependencies:
    "@pixi/core" "^5.0.0"
    "@pixi/sprite" "^5.0.0"
    "@pixi/ticker" "^5.0.0"

"@pixi/sprite-tiling@^5.0.0":
  version "5.0.0"
  resolved "https://registry.yarnpkg.com/@pixi/sprite-tiling/-/sprite-tiling-5.0.0.tgz#6e26344913cd354bf94e5a3024568a8fb5aa3a8a"
  integrity sha512-MtKV69mRaVZNndkDUGdhrcs2c6DgLMJjbLMEjyJPhMQZzq689/lwJ07dpz2huX0JBsfGSHljdmiBFGBaNRHWQw==
  dependencies:
    "@pixi/constants" "^5.0.0-rc.3"
    "@pixi/core" "^5.0.0"
    "@pixi/display" "^5.0.0"
    "@pixi/math" "^5.0.0-rc.3"
    "@pixi/sprite" "^5.0.0"
    "@pixi/utils" "^5.0.0"

"@pixi/sprite@^5.0.0":
  version "5.0.0"
  resolved "https://registry.yarnpkg.com/@pixi/sprite/-/sprite-5.0.0.tgz#799acb624c90c8b10fa4001cf6f6122573ea1f58"
  integrity sha512-Ik+ROmpYAHlDIkocXxfr/0QjupbTWH5HmzH/EAFz9Ro6ywla2V65CqyBjOW8JGvpwBZGQAmHCvjim01HpYDfeg==
  dependencies:
    "@pixi/constants" "^5.0.0-rc.3"
    "@pixi/core" "^5.0.0"
    "@pixi/display" "^5.0.0"
    "@pixi/math" "^5.0.0-rc.3"
    "@pixi/settings" "^5.0.0"
    "@pixi/utils" "^5.0.0"

"@pixi/spritesheet@^5.0.0":
  version "5.0.0"
  resolved "https://registry.yarnpkg.com/@pixi/spritesheet/-/spritesheet-5.0.0.tgz#c6e7b7c3c3127ab6df274f0e6dace68872a048ef"
  integrity sha512-uqih82e+uoMDyPo4GUDMp9uPiwvXD9yN43g2a0ymRUxeqjMj9VPjMmbq6w01fMy2EXSNbXf8YVz6+UKZw0dLpw==
  dependencies:
    "@pixi/core" "^5.0.0"
    "@pixi/loaders" "^5.0.0"
    "@pixi/math" "^5.0.0-rc.3"
    "@pixi/utils" "^5.0.0"

"@pixi/text-bitmap@^5.0.0":
  version "5.0.0"
  resolved "https://registry.yarnpkg.com/@pixi/text-bitmap/-/text-bitmap-5.0.0.tgz#f74a021239133fa298255102d4aa0f0c81f3b96e"
  integrity sha512-rN2FO+91MdopKxyZOhWSP3brz78gK+NpBE/tSV2TQpB04Fk/qPm3+meFVBWyuLof731eaCjRwOYNYBWko185tQ==
  dependencies:
    "@pixi/core" "^5.0.0"
    "@pixi/display" "^5.0.0"
    "@pixi/loaders" "^5.0.0"
    "@pixi/math" "^5.0.0-rc.3"
    "@pixi/settings" "^5.0.0"
    "@pixi/sprite" "^5.0.0"
    "@pixi/utils" "^5.0.0"

"@pixi/text@^5.0.0":
  version "5.0.0"
  resolved "https://registry.yarnpkg.com/@pixi/text/-/text-5.0.0.tgz#10d7aab86f478f812d3987b2bd940d38a8bc4dda"
  integrity sha512-2p/H3QG+qajMnRuKH++gWp5eKptSuRWQDsZFwmx/7wNWS4NL4pUDPlP4cn4v5bNRf751/rPlnrE5V1+eNmk96Q==
  dependencies:
    "@pixi/core" "^5.0.0"
    "@pixi/math" "^5.0.0-rc.3"
    "@pixi/settings" "^5.0.0"
    "@pixi/sprite" "^5.0.0"
    "@pixi/utils" "^5.0.0"

"@pixi/ticker@^5.0.0":
  version "5.0.0"
  resolved "https://registry.yarnpkg.com/@pixi/ticker/-/ticker-5.0.0.tgz#52c120907bd4c0d31f7ae3908f7d3fb5895fe835"
  integrity sha512-V2LvbnqV1aSatTNJNv7chR/gY5TGOZL/uUh9GbllORI9DejGWKUPXd2ejPRlZ6/fhTaDxBxDENGfkO/ElLNXeg==
  dependencies:
    "@pixi/settings" "^5.0.0"

"@pixi/utils@^5.0.0":
  version "5.0.0"
  resolved "https://registry.yarnpkg.com/@pixi/utils/-/utils-5.0.0.tgz#33feb8c03cc07f0e18e20527cabb44723e1877d2"
  integrity sha512-0/4avsQ68sQWMW3Jg1utkBsys16kO5ZTbYfPn04XBxV5LZLbpiN2xr7rEb4esqWdP+U7mjCAG4u1G2CtjzqKGA==
  dependencies:
    "@pixi/constants" "^5.0.0-rc.3"
    "@pixi/settings" "^5.0.0"
    earcut "^2.1.5"
    eventemitter3 "^3.1.0"
    url "^0.11.0"

calc-fontsize@^1.1.0:
  version "1.1.0"
  resolved "https://registry.yarnpkg.com/calc-fontsize/-/calc-fontsize-1.1.0.tgz#5daa9ffddb950bedb19e926a99815ff24d9b0097"
  integrity sha512-K37zSd7XehL/g+xOn/dNdnhBG7FrMfu4/I6+9YZJdO/1JetjG+7aLUa2megHQjAB1bX6V2eSsZepwaT49qe0zA==

clicked@^1.1.0, clicked@^1.3.0:
  version "1.3.0"
  resolved "https://registry.yarnpkg.com/clicked/-/clicked-1.3.0.tgz#315f6fd3b05d320f0d3773d6d2de48b4bf7e8a68"
  integrity sha512-P0q012ZGUFDE6XN4MVTgqpkiROW5DeuSo6H8wzLaNiYZYJ8SLSHSwzAe2//LkLx2BtdDBTwM0mR5aSknGoyjHw==

clicked@^2.0.0:
  version "2.2.1"
  resolved "https://registry.yarnpkg.com/clicked/-/clicked-2.2.1.tgz#c92e9e9edc7ee419790f7fc7e174904cb87992a9"
  integrity sha512-1XgSF5rfnt0sPBUJKmPVimfhY8pBqua7ykyAVfHyv6S7oixhTi1EImsLewgQKHwGzkwS4VL1hNpH9vpitFg9Jg==

dom-ease@^0.7.1, dom-ease@^0.7.4:
  version "0.7.5"
  resolved "https://registry.yarnpkg.com/dom-ease/-/dom-ease-0.7.5.tgz#ff573b40f1905e395b519525d2e7e14fed783119"
  integrity sha512-XG+WZzgJM/ovV87nSHnPQCPwVwKWQ9CQ+QC64KKId4HezXEzALLpGfrU/mV6By53s3QIdkITgl5VbGIumednVw==
  dependencies:
    eventemitter3 "^3.0.0"
    exists "^1.0.1"
    penner "^0.1.3"

earcut@^2.1.5:
  version "2.1.5"
  resolved "https://registry.yarnpkg.com/earcut/-/earcut-2.1.5.tgz#829280a9a3a0f5fee0529f0a47c3e4eff09b21e4"
  integrity sha512-QFWC7ywTVLtvRAJTVp8ugsuuGQ5mVqNmJ1cRYeLrSHgP3nycr2RHTJob9OtM0v8ujuoKN0NY1a93J/omeTL1PA==

easyedit@^1.5.0:
  version "1.5.0"
  resolved "https://registry.yarnpkg.com/easyedit/-/easyedit-1.5.0.tgz#03a68d2cd44bfea060f2a3c1a48340ed3bc73a9c"
  integrity sha1-A6aNLNRL/qBg8qPBpINA7TvHOpw=
  dependencies:
    clicked "^1.1.0"
    eventemitter3 "^3.0.0"

es6-promise-polyfill@^1.2.0:
  version "1.2.0"
  resolved "https://registry.yarnpkg.com/es6-promise-polyfill/-/es6-promise-polyfill-1.2.0.tgz#f38925f23cb3e3e8ce6cda8ff774fcebbb090cde"
  integrity sha1-84kl8jyz4+jObNqP93T867sJDN4=

eventemitter3@^3.0.0, eventemitter3@^3.1.0:
  version "3.1.0"
  resolved "https://registry.yarnpkg.com/eventemitter3/-/eventemitter3-3.1.0.tgz#090b4d6cdbd645ed10bf750d4b5407942d7ba163"
  integrity sha512-ivIvhpq/Y0uSjcHDcOIccjmYjGLcP09MFGE7ysAwkAvkXfpZlC985pH2/ui64DKazbTW/4kN3yqozUxlXzI6cA==

eventemitter3@^3.1.2:
  version "3.1.2"
  resolved "https://registry.yarnpkg.com/eventemitter3/-/eventemitter3-3.1.2.tgz#2d3d48f9c346698fce83a85d7d664e98535df6e7"
  integrity sha512-tvtQIeLVHjDkJYnzf2dgVMxfuSGJeM/7UCG17TT4EumTfNtF+0nebF/4zWOIkCreAbtNqhGEboB6BWrwqNaw4Q==

exists@^1.0.1:
  version "1.0.1"
  resolved "https://registry.yarnpkg.com/exists/-/exists-1.0.1.tgz#ffcbee29142f24056df01924e73262733db10b49"
  integrity sha1-/8vuKRQvJAVt8Bkk5zJicz2xC0k=

fontfaceobserver@^2.0.9:
  version "2.1.0"
  resolved "https://registry.yarnpkg.com/fontfaceobserver/-/fontfaceobserver-2.1.0.tgz#e2705d293e2c585a6531c2a722905657317a2991"
  integrity sha512-ReOsO2F66jUa0jmv2nlM/s1MiutJx/srhAe2+TE8dJCMi02ZZOcCTxTCQFr3Yet+uODUtnr4Mewg+tNQ+4V1Ng==

fs-extra@^7.0.1:
  version "7.0.1"
  resolved "https://registry.yarnpkg.com/fs-extra/-/fs-extra-7.0.1.tgz#4f189c44aa123b895f722804f55ea23eadc348e9"
  integrity sha512-YJDaCJZEnBmcbw13fvdAM9AwNOJwOzrE4pqMqBq5nFiEqXUqHwlK4B+3pUw6JNvfSPtX05xFHtYy/1ni01eGCw==
  dependencies:
    graceful-fs "^4.1.2"
    jsonfile "^4.0.0"
    universalify "^0.1.0"

graceful-fs@^4.1.2, graceful-fs@^4.1.6:
  version "4.1.15"
  resolved "https://registry.yarnpkg.com/graceful-fs/-/graceful-fs-4.1.15.tgz#ffb703e1066e8a0eeaa4c8b80ba9253eeefbfb00"
  integrity sha512-6uHUhOPEBgQ24HM+r6b/QwWfZq+yiFcipKFrOFiBEnWdy5sdzYoi+pJeQaPI5qOLRFqWmAXUPQNsielzdLoecA==

immediate@~3.0.5:
  version "3.0.6"
  resolved "https://registry.yarnpkg.com/immediate/-/immediate-3.0.6.tgz#9db1dbd0faf8de6fbe0f5dd5e56bb606280de69b"
  integrity sha1-nbHb0Pr43m++D13V5Wu2BigN5ps=

inherits@2.0.3:
  version "2.0.3"
  resolved "https://registry.yarnpkg.com/inherits/-/inherits-2.0.3.tgz#633c2c83e3da42a502f52466022480f4208261de"
  integrity sha1-Yzwsg+PaQqUC9SRmAiSA9CCCYd4=

ismobilejs@^0.5.1:
  version "0.5.1"
  resolved "https://registry.yarnpkg.com/ismobilejs/-/ismobilejs-0.5.1.tgz#0e3f825e29e32f84ad5ddbb60e9e04a894046488"
  integrity sha512-QX4STsOcBYqlTjVGuAdP1MiRVxtiUbRHOKH0v7Gn1EvfUVIQnrSdgCM4zB4VCZuIejnb2NUMUx0Bwd3EIG6yyA==

jsonfile@^4.0.0:
  version "4.0.0"
  resolved "https://registry.yarnpkg.com/jsonfile/-/jsonfile-4.0.0.tgz#8771aae0799b64076b76640fca058f9c10e33ecb"
  integrity sha1-h3Gq4HmbZAdrdmQPygWPnBDjPss=
  optionalDependencies:
    graceful-fs "^4.1.6"

lie@3.1.1:
  version "3.1.1"
  resolved "https://registry.yarnpkg.com/lie/-/lie-3.1.1.tgz#9a436b2cc7746ca59de7a41fa469b3efb76bd87e"
  integrity sha1-mkNrLMd0bKWd56QfpGmz77dr2H4=
  dependencies:
    immediate "~3.0.5"

localforage@^1.7.2:
  version "1.7.3"
  resolved "https://registry.yarnpkg.com/localforage/-/localforage-1.7.3.tgz#0082b3ca9734679e1bd534995bdd3b24cf10f204"
  integrity sha512-1TulyYfc4udS7ECSBT2vwJksWbkwwTX8BzeUIiq8Y07Riy7bDAAnxDaPU/tWyOVmQAcWJIEIFP9lPfBGqVoPgQ==
  dependencies:
    lie "3.1.1"

mini-signals@^1.1.1:
  version "1.2.0"
  resolved "https://registry.yarnpkg.com/mini-signals/-/mini-signals-1.2.0.tgz#45b08013c5fae51a24aa1a935cd317c9ed721d74"
  integrity sha1-RbCAE8X65RokqhqTXNMXye1yHXQ=

object-assign@^4.1.1:
  version "4.1.1"
  resolved "https://registry.yarnpkg.com/object-assign/-/object-assign-4.1.1.tgz#2109adc7965887cfc05cbbd442cac8bfbb360863"
  integrity sha1-IQmtx5ZYh8/AXLvUQsrIv7s2CGM=

parse-uri@^1.0.0:
  version "1.0.0"
  resolved "https://registry.yarnpkg.com/parse-uri/-/parse-uri-1.0.0.tgz#2872dcc22f1a797acde1583d8a0ac29552ddac20"
  integrity sha1-KHLcwi8aeXrN4Vg9igrClVLdrCA=

path@^0.12.7:
  version "0.12.7"
  resolved "https://registry.yarnpkg.com/path/-/path-0.12.7.tgz#d4dc2a506c4ce2197eb481ebfcd5b36c0140b10f"
  integrity sha1-1NwqUGxM4hl+tIHr/NWzbAFAsQ8=
  dependencies:
    process "^0.11.1"
    util "^0.10.3"

penner@^0.1.3:
  version "0.1.3"
  resolved "https://registry.yarnpkg.com/penner/-/penner-0.1.3.tgz#0b8b482d4e9b39af2f3d7c37592229b8acc29705"
  integrity sha1-C4tILU6bOa8vPXw3WSIpuKzClwU=

pixi-ease@^1.1.2:
  version "1.3.0"
  resolved "https://registry.yarnpkg.com/pixi-ease/-/pixi-ease-1.3.0.tgz#2d58087d7a9d9f5bed7004e1e713839649a74abc"
  integrity sha512-c2stiNINlF3/hYISJfg2sn/mjOlmcl096FtO3IA7u9iVCIVtRNthy/HAD8wr3EY7930bdLqexaFNR7o8n7d3cQ==
  dependencies:
    eventemitter3 "^3.1.0"
    penner "^0.1.3"
    yy-angle "^1.3.1"
    yy-color "^1.1.1"

pixi-viewport@^3.23.2:
  version "3.23.2"
  resolved "https://registry.yarnpkg.com/pixi-viewport/-/pixi-viewport-3.23.2.tgz#edb0d819b9a8213de305e971595d010be960d2cd"
  integrity sha512-mB78nejtHnlHypKpAazM2Zd0cdLi1vDStKoQLxYb0WT6aE2B5XUivWYogltr0coW+8u8GQS9VWxyyYqCFWHiYQ==
  dependencies:
    eventemitter3 "^3.1.0"
    penner "^0.1.3"

pixi.js@^5.0.0:
  version "5.0.0"
  resolved "https://registry.yarnpkg.com/pixi.js/-/pixi.js-5.0.0.tgz#6b7af01eb6286a8081896a3bcbc0f39c6416e8ea"
  integrity sha512-15G8+96Tcp2KtsWt8/ceqFOp42zmd0Lm3hH+b3IQfxrX7PNIYpZozyGY4JTz1eCm05+N3fZBgGYSON5xt4OUng==
  dependencies:
    "@pixi/accessibility" "^5.0.0"
    "@pixi/app" "^5.0.0"
    "@pixi/constants" "^5.0.0-rc.3"
    "@pixi/core" "^5.0.0"
    "@pixi/display" "^5.0.0"
    "@pixi/extract" "^5.0.0"
    "@pixi/filter-alpha" "^5.0.0"
    "@pixi/filter-blur" "^5.0.0"
    "@pixi/filter-color-matrix" "^5.0.0"
    "@pixi/filter-displacement" "^5.0.0"
    "@pixi/filter-fxaa" "^5.0.0"
    "@pixi/filter-noise" "^5.0.0"
    "@pixi/graphics" "^5.0.0"
    "@pixi/interaction" "^5.0.0"
    "@pixi/loaders" "^5.0.0"
    "@pixi/math" "^5.0.0-rc.3"
    "@pixi/mesh" "^5.0.0"
    "@pixi/mesh-extras" "^5.0.0"
    "@pixi/mixin-cache-as-bitmap" "^5.0.0"
    "@pixi/mixin-get-child-by-name" "^5.0.0"
    "@pixi/mixin-get-global-position" "^5.0.0"
    "@pixi/particles" "^5.0.0"
    "@pixi/polyfill" "^5.0.0"
    "@pixi/prepare" "^5.0.0"
    "@pixi/runner" "^5.0.0"
    "@pixi/settings" "^5.0.0"
    "@pixi/sprite" "^5.0.0"
    "@pixi/sprite-animated" "^5.0.0"
    "@pixi/sprite-tiling" "^5.0.0"
    "@pixi/spritesheet" "^5.0.0"
    "@pixi/text" "^5.0.0"
    "@pixi/text-bitmap" "^5.0.0"
    "@pixi/ticker" "^5.0.0"
    "@pixi/utils" "^5.0.0"

point-in-triangle@^1.0.1:
  version "1.0.1"
  resolved "https://registry.yarnpkg.com/point-in-triangle/-/point-in-triangle-1.0.1.tgz#2555e626cc2afe654e4abde75b8347de292513dc"
  integrity sha1-JVXmJswq/mVOSr3nW4NH3iklE9w=

process@^0.11.1:
  version "0.11.10"
  resolved "https://registry.yarnpkg.com/process/-/process-0.11.10.tgz#7332300e840161bda3e69a1d1d91a7d4bc16f182"
  integrity sha1-czIwDoQBYb2j5podHZGn1LwW8YI=

punycode@1.3.2:
  version "1.3.2"
  resolved "https://registry.yarnpkg.com/punycode/-/punycode-1.3.2.tgz#9653a036fb7c1ee42342f2325cceefea3926c48d"
  integrity sha1-llOgNvt8HuQjQvIyXM7v6jkmxI0=

querystring@0.2.0:
  version "0.2.0"
  resolved "https://registry.yarnpkg.com/querystring/-/querystring-0.2.0.tgz#b209849203bb25df820da756e747005878521620"
  integrity sha1-sgmEkgO7Jd+CDadW50cAWHhSFiA=

resource-loader@^2.2.4:
  version "2.2.4"
  resolved "https://registry.yarnpkg.com/resource-loader/-/resource-loader-2.2.4.tgz#9bf43dba59475d56be29c796399211ce0e96fd2d"
  integrity sha512-MrY0bEJN26us3h4bzJUSP0n4tFEb79lCpYBavtLjSezWCcXZMgxhSgvC9LxueuqpcxG+qPjhwFu5SQAcUNacdA==
  dependencies:
    mini-signals "^1.1.1"
    parse-uri "^1.0.0"

seedrandom@^3.0.1:
  version "3.0.1"
  resolved "https://registry.yarnpkg.com/seedrandom/-/seedrandom-3.0.1.tgz#eb3dde015bcf55df05a233514e5df44ef9dce083"
  integrity sha512-1/02Y/rUeU1CJBAGLebiC5Lbo5FnB22gQbIFFYTLkwvp1xdABZJH1sn4ZT1MzXmPpzv+Rf/Lu2NcsLJiK4rcDg==

simple-window-manager@^1.1.0:
  version "1.3.0"
  resolved "https://registry.yarnpkg.com/simple-window-manager/-/simple-window-manager-1.3.0.tgz#bcb0991d35dd50f39f33122111125c1b670c6135"
  integrity sha512-QrT8p/+pQBDc7tSgTS8dVhbq4+5CTZ/NKZD5huy9KzfvocIPoaWBYxrE4XFRRGw2kjP18lmNfKhyxhAYLIwwcA==
  dependencies:
    clicked "^1.3.0"
    dom-ease "^0.7.1"
    eventemitter3 "^3.0.0"
    exists "^1.0.1"

tinycolor2@^1.4.1:
  version "1.4.1"
  resolved "https://registry.yarnpkg.com/tinycolor2/-/tinycolor2-1.4.1.tgz#f4fad333447bc0b07d4dc8e9209d8f39a8ac77e8"
  integrity sha1-9PrTM0R7wLB9TcjpIJ2POaisd+g=

universalify@^0.1.0:
  version "0.1.2"
  resolved "https://registry.yarnpkg.com/universalify/-/universalify-0.1.2.tgz#b646f69be3942dabcecc9d6639c80dc105efaa66"
  integrity sha512-rBJeI5CXAlmy1pV+617WB9J63U6XcazHHF2f2dbJix4XzpUF0RS3Zbj0FGIOCAva5P/d/GBOYaACQ1w+0azUkg==

url@^0.11.0:
  version "0.11.0"
  resolved "https://registry.yarnpkg.com/url/-/url-0.11.0.tgz#3838e97cfc60521eb73c525a8e55bfdd9e2e28f1"
  integrity sha1-ODjpfPxgUh63PFJajlW/3Z4uKPE=
  dependencies:
    punycode "1.3.2"
    querystring "0.2.0"

util@^0.10.3:
  version "0.10.4"
  resolved "https://registry.yarnpkg.com/util/-/util-0.10.4.tgz#3aa0125bfe668a4672de58857d3ace27ecb76901"
  integrity sha512-0Pm9hTQ3se5ll1XihRic3FDIku70C+iHUdT/W926rSgHV5QgXsYbKZN8MSC3tJtSkhuROzvsQjAaFENRXr+19A==
  dependencies:
    inherits "2.0.3"

yy-angle@^1.3.1:
  version "1.3.1"
  resolved "https://registry.yarnpkg.com/yy-angle/-/yy-angle-1.3.1.tgz#996ed0ab1cd521b0ee09eb71e41db503b7a172e4"
  integrity sha512-A81E2JVWPx6UuHnmNyM0wgyiC+azFW3J1U0+kIZ+HFX7ERXmsPAGo6S8kRTa4WoQUky5wbsn+4orkAA8Am5q5w==

yy-color@^1.0.7, yy-color@^1.1.1:
  version "1.1.2"
  resolved "https://registry.yarnpkg.com/yy-color/-/yy-color-1.1.2.tgz#5c98fba33ea53e054f785443d26c6279300e5c00"
  integrity sha512-xAnFzZ3IPOsoQwKfhEhsq7tfhpNXrXrjeUtoStdwBKgfKdhoJatqLNBvybPYt270pX3LqSdAr1x/M07hxjIHEw==
  dependencies:
    yy-random "^1.0.1"

yy-counter@^2.1.0:
  version "2.1.0"
  resolved "https://registry.yarnpkg.com/yy-counter/-/yy-counter-2.1.0.tgz#6c023c5a5f48a962cf34f234cbb26f64d8bd2c2e"
  integrity sha1-bAI8Wl9IqWLPNPI0y7JvZNi9LC4=

yy-fps@^1.0.0:
  version "1.0.0"
  resolved "https://registry.yarnpkg.com/yy-fps/-/yy-fps-1.0.0.tgz#d196282a3fb16c0a68185b57b0f5e99f1c601a78"
  integrity sha512-yMm6G3Bj0lfVGwZRVYkksoZl22j237XoaZ7Q9+Wck4FikOw4LWcYwEU6CvKDs18oIAlknBa4MitBrlEuOn1WNg==
  dependencies:
    tinycolor2 "^1.4.1"
    yy-counter "^2.1.0"

yy-loop@^0.4.1:
  version "0.4.1"
  resolved "https://registry.yarnpkg.com/yy-loop/-/yy-loop-0.4.1.tgz#ea669443c23ebfa805be5263c2dc38e3d669be99"
  integrity sha1-6maUQ8I+v6gFvlJjwtw449Zpvpk=
  dependencies:
    eventemitter3 "^3.0.0"

yy-menu@^1.6.2:
  version "1.6.2"
  resolved "https://registry.yarnpkg.com/yy-menu/-/yy-menu-1.6.2.tgz#fb4c10e97020b7b7fc0781f64ca11481e9dbf7cb"
  integrity sha512-m2+2SdJY1/UwzzIZGWsotKCt1WHJTkPrMDdX+FimdQs+DEYJPKQ1Xf3mlQbMpcA8sGu5D3VyAMenssQLO/xh+Q==

yy-pixel@^2.3.1:
  version "2.3.1"
  resolved "https://registry.yarnpkg.com/yy-pixel/-/yy-pixel-2.3.1.tgz#fbc138a982faa72c8bfdae1b0c6ce9fbf08f90ca"
  integrity sha1-+8E4qYL6pyyL/a4bDGzp+/CPkMo=
  dependencies:
    exists "^1.0.1"
    yy-color "^1.0.7"
    yy-random "^1.2.0"

yy-random@^1.0.1, yy-random@^1.2.0, yy-random@^1.7.2:
  version "1.8.0"
  resolved "https://registry.yarnpkg.com/yy-random/-/yy-random-1.8.0.tgz#46539c1061050bcd63ce70b7fa902ccc9fb36a2e"
  integrity sha512-Dk5u4kkp6Hu2yUPXpRT8MWr1gpcSI88jDIMZtxVjj6iPiXbfoUcug2fR8s9WS2E4x8EdUxcOdoFadmViLYAQvA==
  dependencies:
    seedrandom "^3.0.1"

yy-rendersheet@^5.0.2:
  version "5.0.2"
  resolved "https://registry.yarnpkg.com/yy-rendersheet/-/yy-rendersheet-5.0.2.tgz#3c255b6765ec7f3f0d0458d76a47923004465b7c"
  integrity sha512-bo16TS8+8lm6WMMf7QqVSYbrjHQbsUtWj27jfbtjLELHSQCzxHM7Ao4MY/qMJBKO4vcqltpOXtgxIqxc173t6A==
  dependencies:
    eventemitter3 "^3.0.0"

yy-tooltip@^1.2.1:
  version "1.2.1"
  resolved "https://registry.yarnpkg.com/yy-tooltip/-/yy-tooltip-1.2.1.tgz#1b609ea96527464731160c3c010cc1a8878ad479"
  integrity sha512-//JkAWFNge2fA4nvrAsuPB20MGo2xrPsoFcrDf+IbjOBpT82s2Sa/ToeZxmRxb/BvwYjcttZv1RalJ9OOf70zQ==
  dependencies:
    dom-ease "^0.7.4"
